// !$*UTF8*$!
{
	archiveVersion = 1;
	classes = {
	};
	objectVersion = 46;
	objects = {

/* Begin PBXBuildFile section */
		236D58291759F17D006763A5 /* HTConfig.m in Sources */ = {isa = PBXBuildFile; fileRef = 236D58061759F17D006763A5 /* HTConfig.m */; };
		236D582A1759F17D006763A5 /* HTARCSupport.m in Sources */ = {isa = PBXBuildFile; fileRef = 236D58081759F17D006763A5 /* HTARCSupport.m */; };
		236D582B1759F17D006763A5 /* HTAsyncOperation.m in Sources */ = {isa = PBXBuildFile; fileRef = 236D580A1759F17D006763A5 /* HTAsyncOperation.m */; };
		236D582C1759F17D006763A5 /* HTVerticalView.m in Sources */ = {isa = PBXBuildFile; fileRef = 236D580C1759F17D006763A5 /* HTVerticalView.m */; };
		236D582D1759F17D006763A5 /* HTHorizontalView.m in Sources */ = {isa = PBXBuildFile; fileRef = 236D580E1759F17D006763A5 /* HTHorizontalView.m */; };
		236D582E1759F17D006763A5 /* HTLinearView.m in Sources */ = {isa = PBXBuildFile; fileRef = 236D58101759F17D006763A5 /* HTLinearView.m */; };
		236D582F1759F17D006763A5 /* NSDataAdditions.m in Sources */ = {isa = PBXBuildFile; fileRef = 236D58121759F17D006763A5 /* NSDataAdditions.m */; };
		236D58301759F17D006763A5 /* NSDictionary+URLExtensions.m in Sources */ = {isa = PBXBuildFile; fileRef = 236D58141759F17D006763A5 /* NSDictionary+URLExtensions.m */; };
		236D58311759F17D006763A5 /* NSMutableArray+StackAndQueue.m in Sources */ = {isa = PBXBuildFile; fileRef = 236D58161759F17D006763A5 /* NSMutableArray+StackAndQueue.m */; };
		236D58321759F17D006763A5 /* NSMutableStringExtensions.m in Sources */ = {isa = PBXBuildFile; fileRef = 236D58181759F17D006763A5 /* NSMutableStringExtensions.m */; };
		236D58331759F17D006763A5 /* NSOperationQueue+Global.m in Sources */ = {isa = PBXBuildFile; fileRef = 236D581A1759F17D006763A5 /* NSOperationQueue+Global.m */; };
		236D58341759F17D006763A5 /* NSString+NumberAddition.m in Sources */ = {isa = PBXBuildFile; fileRef = 236D581C1759F17D006763A5 /* NSString+NumberAddition.m */; };
		236D58351759F17D006763A5 /* NSString+URLAddition.m in Sources */ = {isa = PBXBuildFile; fileRef = 236D581E1759F17D006763A5 /* NSString+URLAddition.m */; };
		236D58361759F17D006763A5 /* NSStringExtensions.m in Sources */ = {isa = PBXBuildFile; fileRef = 236D58201759F17D006763A5 /* NSStringExtensions.m */; };
		236D58371759F17D006763A5 /* UIColor+Addtions.m in Sources */ = {isa = PBXBuildFile; fileRef = 236D58221759F17D006763A5 /* UIColor+Addtions.m */; };
		236D58381759F17D006763A5 /* UIImage+SizeAddition.m in Sources */ = {isa = PBXBuildFile; fileRef = 236D58241759F17D006763A5 /* UIImage+SizeAddition.m */; };
		236D58391759F17D006763A5 /* UIScrollView+Paging.m in Sources */ = {isa = PBXBuildFile; fileRef = 236D58261759F17D006763A5 /* UIScrollView+Paging.m */; };
		236D583A1759F17D006763A5 /* UIView+FrameAddition.m in Sources */ = {isa = PBXBuildFile; fileRef = 236D58281759F17D006763A5 /* UIView+FrameAddition.m */; };
		236D584E1759F3D3006763A5 /* libHTPyFunctions.a in Frameworks */ = {isa = PBXBuildFile; fileRef = 236D58471759F23F006763A5 /* libHTPyFunctions.a */; };
		236D584F1759F3D5006763A5 /* libHTBlock.a in Frameworks */ = {isa = PBXBuildFile; fileRef = 236D58401759F1F1006763A5 /* libHTBlock.a */; };
		236D58511759F3DD006763A5 /* CFNetwork.framework in Frameworks */ = {isa = PBXBuildFile; fileRef = 236D58501759F3DD006763A5 /* CFNetwork.framework */; };
		236D58531759F3E6006763A5 /* SystemConfiguration.framework in Frameworks */ = {isa = PBXBuildFile; fileRef = 236D58521759F3E6006763A5 /* SystemConfiguration.framework */; };
		236D58551759F482006763A5 /* MobileCoreServices.framework in Frameworks */ = {isa = PBXBuildFile; fileRef = 236D58541759F482006763A5 /* MobileCoreServices.framework */; };
		236D585C175A32E8006763A5 /* ITModel.m in Sources */ = {isa = PBXBuildFile; fileRef = 236D585B175A32E8006763A5 /* ITModel.m */; };
		236D585F175A3350006763A5 /* ITUser.m in Sources */ = {isa = PBXBuildFile; fileRef = 236D585E175A3350006763A5 /* ITUser.m */; };
		236D5864175A339B006763A5 /* ITConverter.m in Sources */ = {isa = PBXBuildFile; fileRef = 236D5863175A339B006763A5 /* ITConverter.m */; };
		236D5867175A398C006763A5 /* ITRequest.m in Sources */ = {isa = PBXBuildFile; fileRef = 236D5866175A398C006763A5 /* ITRequest.m */; };
		236D586A175A3C42006763A5 /* ITFile.m in Sources */ = {isa = PBXBuildFile; fileRef = 236D5869175A3C42006763A5 /* ITFile.m */; };
		236D586D175A3D16006763A5 /* ITURLRequest.m in Sources */ = {isa = PBXBuildFile; fileRef = 236D586C175A3D16006763A5 /* ITURLRequest.m */; };
		236D5872175A5D55006763A5 /* ITIssue.m in Sources */ = {isa = PBXBuildFile; fileRef = 236D5871175A5D55006763A5 /* ITIssue.m */; };
		236D5876175A5E5C006763A5 /* ITPhoto.m in Sources */ = {isa = PBXBuildFile; fileRef = 236D5875175A5E5C006763A5 /* ITPhoto.m */; };
		236D5879175A61C2006763A5 /* ITComment.m in Sources */ = {isa = PBXBuildFile; fileRef = 236D5878175A61C2006763A5 /* ITComment.m */; };
		236D5886175A7280006763A5 /* UIImage+MeetyBlur.m in Sources */ = {isa = PBXBuildFile; fileRef = 236D5885175A7280006763A5 /* UIImage+MeetyBlur.m */; };
		236D5889175A73F8006763A5 /* UIImage+Picker.m in Sources */ = {isa = PBXBuildFile; fileRef = 236D5888175A73F8006763A5 /* UIImage+Picker.m */; };
		236D5896175A74AE006763A5 /* UIImage+HTLong.m in Sources */ = {isa = PBXBuildFile; fileRef = 236D588B175A74AD006763A5 /* UIImage+HTLong.m */; };
		236D5897175A74AE006763A5 /* UIView+FirstResponder.m in Sources */ = {isa = PBXBuildFile; fileRef = 236D588D175A74AD006763A5 /* UIView+FirstResponder.m */; };
		236D5898175A74AE006763A5 /* NSObject+HijackMethod.m in Sources */ = {isa = PBXBuildFile; fileRef = 236D588F175A74AD006763A5 /* NSObject+HijackMethod.m */; };
		236D5899175A74AE006763A5 /* UIResponder+FirstresponderNotification.m in Sources */ = {isa = PBXBuildFile; fileRef = 236D5891175A74AE006763A5 /* UIResponder+FirstresponderNotification.m */; };
		236D589A175A74AE006763A5 /* NSObject+SimpleClassChecking.m in Sources */ = {isa = PBXBuildFile; fileRef = 236D5893175A74AE006763A5 /* NSObject+SimpleClassChecking.m */; };
		236D589B175A74AE006763A5 /* UIViewController+Hierarchy.m in Sources */ = {isa = PBXBuildFile; fileRef = 236D5895175A74AE006763A5 /* UIViewController+Hierarchy.m */; };
		236D589F175A74D1006763A5 /* UIImage+StackBlur.m in Sources */ = {isa = PBXBuildFile; fileRef = 236D589E175A74D1006763A5 /* UIImage+StackBlur.m */; };
		236D58AD175A74EF006763A5 /* UIImage+AutoLevels.m in Sources */ = {isa = PBXBuildFile; fileRef = 236D58A2175A74EF006763A5 /* UIImage+AutoLevels.m */; };
		236D58AE175A74EF006763A5 /* UIImage+Brightness.m in Sources */ = {isa = PBXBuildFile; fileRef = 236D58A4175A74EF006763A5 /* UIImage+Brightness.m */; };
		236D58AF175A74EF006763A5 /* UIImage+Contrast.m in Sources */ = {isa = PBXBuildFile; fileRef = 236D58A6175A74EF006763A5 /* UIImage+Contrast.m */; };
		236D58B0175A74EF006763A5 /* UIImage+FixRotation.m in Sources */ = {isa = PBXBuildFile; fileRef = 236D58A8175A74EF006763A5 /* UIImage+FixRotation.m */; };
		236D58B1175A74EF006763A5 /* UIImage+Gaussian.m in Sources */ = {isa = PBXBuildFile; fileRef = 236D58AA175A74EF006763A5 /* UIImage+Gaussian.m */; };
		236D58B2175A74EF006763A5 /* UIImage+Thumbnail.m in Sources */ = {isa = PBXBuildFile; fileRef = 236D58AC175A74EF006763A5 /* UIImage+Thumbnail.m */; };
		236D58B7175A755B006763A5 /* UIImage+MeetyProcess.m in Sources */ = {isa = PBXBuildFile; fileRef = 236D58B6175A755B006763A5 /* UIImage+MeetyProcess.m */; };
		236D58B8175A7588006763A5 /* MeetyFunctions.m in Sources */ = {isa = PBXBuildFile; fileRef = 236D58B4175A752F006763A5 /* MeetyFunctions.m */; };
		236D58BD175A87ED006763A5 /* edit_back@2x.png in Resources */ = {isa = PBXBuildFile; fileRef = 236D58BB175A87ED006763A5 /* edit_back@2x.png */; };
		236D58BE175A87ED006763A5 /* edit_back.png in Resources */ = {isa = PBXBuildFile; fileRef = 236D58BC175A87ED006763A5 /* edit_back.png */; };
		236D58CD175A8890006763A5 /* libMeetyClipView.a in Frameworks */ = {isa = PBXBuildFile; fileRef = 236D58CA175A8870006763A5 /* libMeetyClipView.a */; };
		236D58D6175A92D9006763A5 /* plus@2x.png in Resources */ = {isa = PBXBuildFile; fileRef = 236D58D4175A92D9006763A5 /* plus@2x.png */; };
		236D58D7175A92D9006763A5 /* plus.png in Resources */ = {isa = PBXBuildFile; fileRef = 236D58D5175A92D9006763A5 /* plus.png */; };
		236D58DA175A9305006763A5 /* plus2@2x.png in Resources */ = {isa = PBXBuildFile; fileRef = 236D58D8175A9305006763A5 /* plus2@2x.png */; };
		236D58DB175A9305006763A5 /* plus2.png in Resources */ = {isa = PBXBuildFile; fileRef = 236D58D9175A9305006763A5 /* plus2.png */; };
		236D58E0175A97B4006763A5 /* MeetyImageCache.m in Sources */ = {isa = PBXBuildFile; fileRef = 236D58DD175A97B2006763A5 /* MeetyImageCache.m */; };
		236D58E1175A97B4006763A5 /* UIImageView+MeetyImageCache.m in Sources */ = {isa = PBXBuildFile; fileRef = 236D58DF175A97B4006763A5 /* UIImageView+MeetyImageCache.m */; };
		236D58E4175A9CD7006763A5 /* MBProgressHUD.m in Sources */ = {isa = PBXBuildFile; fileRef = 236D58E3175A9CD6006763A5 /* MBProgressHUD.m */; };
		300F8DEA175A5CD0004E0FDE /* ITPhotoViewController.m in Sources */ = {isa = PBXBuildFile; fileRef = 300F8DE9175A5CD0004E0FDE /* ITPhotoViewController.m */; };
		306FFDB01759ECE10025214A /* UIKit.framework in Frameworks */ = {isa = PBXBuildFile; fileRef = 306FFDAF1759ECE10025214A /* UIKit.framework */; };
		306FFDB21759ECE10025214A /* Foundation.framework in Frameworks */ = {isa = PBXBuildFile; fileRef = 306FFDB11759ECE10025214A /* Foundation.framework */; };
		306FFDB41759ECE10025214A /* CoreGraphics.framework in Frameworks */ = {isa = PBXBuildFile; fileRef = 306FFDB31759ECE10025214A /* CoreGraphics.framework */; };
		306FFDBA1759ECE10025214A /* InfoPlist.strings in Resources */ = {isa = PBXBuildFile; fileRef = 306FFDB81759ECE10025214A /* InfoPlist.strings */; };
		306FFDBC1759ECE10025214A /* main.m in Sources */ = {isa = PBXBuildFile; fileRef = 306FFDBB1759ECE10025214A /* main.m */; };
		306FFDC01759ECE10025214A /* AppDelegate.m in Sources */ = {isa = PBXBuildFile; fileRef = 306FFDBF1759ECE10025214A /* AppDelegate.m */; };
		306FFDC21759ECE10025214A /* Default.png in Resources */ = {isa = PBXBuildFile; fileRef = 306FFDC11759ECE10025214A /* Default.png */; };
		306FFDC41759ECE10025214A /* Default@2x.png in Resources */ = {isa = PBXBuildFile; fileRef = 306FFDC31759ECE10025214A /* Default@2x.png */; };
		306FFDC61759ECE10025214A /* Default-568h@2x.png in Resources */ = {isa = PBXBuildFile; fileRef = 306FFDC51759ECE10025214A /* Default-568h@2x.png */; };
		306FFDE41759EF510025214A /* AFHTTPClient.m in Sources */ = {isa = PBXBuildFile; fileRef = 306FFDD21759EF510025214A /* AFHTTPClient.m */; };
		306FFDE51759EF510025214A /* AFHTTPRequestOperation.m in Sources */ = {isa = PBXBuildFile; fileRef = 306FFDD41759EF510025214A /* AFHTTPRequestOperation.m */; };
		306FFDE61759EF510025214A /* AFImageRequestOperation.m in Sources */ = {isa = PBXBuildFile; fileRef = 306FFDD61759EF510025214A /* AFImageRequestOperation.m */; };
		306FFDE71759EF510025214A /* AFJSONRequestOperation.m in Sources */ = {isa = PBXBuildFile; fileRef = 306FFDD81759EF510025214A /* AFJSONRequestOperation.m */; };
		306FFDE81759EF510025214A /* AFNetworkActivityIndicatorManager.m in Sources */ = {isa = PBXBuildFile; fileRef = 306FFDDA1759EF510025214A /* AFNetworkActivityIndicatorManager.m */; };
		306FFDE91759EF510025214A /* AFPropertyListRequestOperation.m in Sources */ = {isa = PBXBuildFile; fileRef = 306FFDDD1759EF510025214A /* AFPropertyListRequestOperation.m */; };
		306FFDEA1759EF510025214A /* AFURLConnectionOperation.m in Sources */ = {isa = PBXBuildFile; fileRef = 306FFDDF1759EF510025214A /* AFURLConnectionOperation.m */; };
		306FFDEB1759EF510025214A /* AFXMLRequestOperation.m in Sources */ = {isa = PBXBuildFile; fileRef = 306FFDE11759EF510025214A /* AFXMLRequestOperation.m */; };
		306FFDEC1759EF510025214A /* UIImageView+AFNetworking.m in Sources */ = {isa = PBXBuildFile; fileRef = 306FFDE31759EF510025214A /* UIImageView+AFNetworking.m */; };
		306FFDF3175A16320025214A /* ITNavigationController.m in Sources */ = {isa = PBXBuildFile; fileRef = 306FFDF2175A16320025214A /* ITNavigationController.m */; };
		306FFDF6175A17980025214A /* ITFeedViewController.m in Sources */ = {isa = PBXBuildFile; fileRef = 306FFDF5175A17980025214A /* ITFeedViewController.m */; };
		306FFDF9175A28CA0025214A /* ITLoginViewController.m in Sources */ = {isa = PBXBuildFile; fileRef = 306FFDF8175A28CA0025214A /* ITLoginViewController.m */; };
		306FFDFD175A34240025214A /* ITUtil.m in Sources */ = {isa = PBXBuildFile; fileRef = 306FFDFC175A34240025214A /* ITUtil.m */; };
/* End PBXBuildFile section */

/* Begin PBXContainerItemProxy section */
		236D583F1759F1F1006763A5 /* PBXContainerItemProxy */ = {
			isa = PBXContainerItemProxy;
			containerPortal = 236D583B1759F1F1006763A5 /* HTBlock.xcodeproj */;
			proxyType = 2;
			remoteGlobalIDString = 238ECDD716C8CE2B000BFB53;
			remoteInfo = HTBlock;
		};
		236D58461759F23F006763A5 /* PBXContainerItemProxy */ = {
			isa = PBXContainerItemProxy;
			containerPortal = 236D58411759F23F006763A5 /* HTPyFunctions.xcodeproj */;
			proxyType = 2;
			remoteGlobalIDString = 230E98551653CEE40091CEE8;
			remoteInfo = HTPyFunctions;
		};
		236D58481759F23F006763A5 /* PBXContainerItemProxy */ = {
			isa = PBXContainerItemProxy;
			containerPortal = 236D58411759F23F006763A5 /* HTPyFunctions.xcodeproj */;
			proxyType = 2;
			remoteGlobalIDString = 230E98661653CEE40091CEE8;
			remoteInfo = HTPyFunctionsTests;
		};
		236D584A1759F3CE006763A5 /* PBXContainerItemProxy */ = {
			isa = PBXContainerItemProxy;
			containerPortal = 236D58411759F23F006763A5 /* HTPyFunctions.xcodeproj */;
			proxyType = 1;
			remoteGlobalIDString = 230E98541653CEE40091CEE8;
			remoteInfo = HTPyFunctions;
		};
		236D584C1759F3D1006763A5 /* PBXContainerItemProxy */ = {
			isa = PBXContainerItemProxy;
			containerPortal = 236D583B1759F1F1006763A5 /* HTBlock.xcodeproj */;
			proxyType = 1;
			remoteGlobalIDString = 238ECDD616C8CE2B000BFB53;
			remoteInfo = HTBlock;
		};
		236D58C9175A8870006763A5 /* PBXContainerItemProxy */ = {
			isa = PBXContainerItemProxy;
			containerPortal = 236D58C5175A886F006763A5 /* MeetyClipView.xcodeproj */;
			proxyType = 2;
			remoteGlobalIDString = 23E96C8716259C19003E6539;
			remoteInfo = MeetyClipView;
		};
		236D58CB175A888E006763A5 /* PBXContainerItemProxy */ = {
			isa = PBXContainerItemProxy;
			containerPortal = 236D58C5175A886F006763A5 /* MeetyClipView.xcodeproj */;
			proxyType = 1;
			remoteGlobalIDString = 23E96C8616259C19003E6539;
			remoteInfo = MeetyClipView;
		};
/* End PBXContainerItemProxy section */

/* Begin PBXFileReference section */
		236D58051759F17D006763A5 /* HTConfig.h */ = {isa = PBXFileReference; fileEncoding = 4; lastKnownFileType = sourcecode.c.h; path = HTConfig.h; sourceTree = "<group>"; };
		236D58061759F17D006763A5 /* HTConfig.m */ = {isa = PBXFileReference; fileEncoding = 4; lastKnownFileType = sourcecode.c.objc; path = HTConfig.m; sourceTree = "<group>"; };
		236D58071759F17D006763A5 /* HTARCSupport.h */ = {isa = PBXFileReference; fileEncoding = 4; lastKnownFileType = sourcecode.c.h; path = HTARCSupport.h; sourceTree = "<group>"; };
		236D58081759F17D006763A5 /* HTARCSupport.m */ = {isa = PBXFileReference; fileEncoding = 4; lastKnownFileType = sourcecode.c.objc; path = HTARCSupport.m; sourceTree = "<group>"; };
		236D58091759F17D006763A5 /* HTAsyncOperation.h */ = {isa = PBXFileReference; fileEncoding = 4; lastKnownFileType = sourcecode.c.h; path = HTAsyncOperation.h; sourceTree = "<group>"; };
		236D580A1759F17D006763A5 /* HTAsyncOperation.m */ = {isa = PBXFileReference; fileEncoding = 4; lastKnownFileType = sourcecode.c.objc; path = HTAsyncOperation.m; sourceTree = "<group>"; };
		236D580B1759F17D006763A5 /* HTVerticalView.h */ = {isa = PBXFileReference; fileEncoding = 4; lastKnownFileType = sourcecode.c.h; path = HTVerticalView.h; sourceTree = "<group>"; };
		236D580C1759F17D006763A5 /* HTVerticalView.m */ = {isa = PBXFileReference; fileEncoding = 4; lastKnownFileType = sourcecode.c.objc; path = HTVerticalView.m; sourceTree = "<group>"; };
		236D580D1759F17D006763A5 /* HTHorizontalView.h */ = {isa = PBXFileReference; fileEncoding = 4; lastKnownFileType = sourcecode.c.h; path = HTHorizontalView.h; sourceTree = "<group>"; };
		236D580E1759F17D006763A5 /* HTHorizontalView.m */ = {isa = PBXFileReference; fileEncoding = 4; lastKnownFileType = sourcecode.c.objc; path = HTHorizontalView.m; sourceTree = "<group>"; };
		236D580F1759F17D006763A5 /* HTLinearView.h */ = {isa = PBXFileReference; fileEncoding = 4; lastKnownFileType = sourcecode.c.h; path = HTLinearView.h; sourceTree = "<group>"; };
		236D58101759F17D006763A5 /* HTLinearView.m */ = {isa = PBXFileReference; fileEncoding = 4; lastKnownFileType = sourcecode.c.objc; path = HTLinearView.m; sourceTree = "<group>"; };
		236D58111759F17D006763A5 /* NSDataAdditions.h */ = {isa = PBXFileReference; fileEncoding = 4; lastKnownFileType = sourcecode.c.h; path = NSDataAdditions.h; sourceTree = "<group>"; };
		236D58121759F17D006763A5 /* NSDataAdditions.m */ = {isa = PBXFileReference; fileEncoding = 4; lastKnownFileType = sourcecode.c.objc; path = NSDataAdditions.m; sourceTree = "<group>"; };
		236D58131759F17D006763A5 /* NSDictionary+URLExtensions.h */ = {isa = PBXFileReference; fileEncoding = 4; lastKnownFileType = sourcecode.c.h; path = "NSDictionary+URLExtensions.h"; sourceTree = "<group>"; };
		236D58141759F17D006763A5 /* NSDictionary+URLExtensions.m */ = {isa = PBXFileReference; fileEncoding = 4; lastKnownFileType = sourcecode.c.objc; path = "NSDictionary+URLExtensions.m"; sourceTree = "<group>"; };
		236D58151759F17D006763A5 /* NSMutableArray+StackAndQueue.h */ = {isa = PBXFileReference; fileEncoding = 4; lastKnownFileType = sourcecode.c.h; path = "NSMutableArray+StackAndQueue.h"; sourceTree = "<group>"; };
		236D58161759F17D006763A5 /* NSMutableArray+StackAndQueue.m */ = {isa = PBXFileReference; fileEncoding = 4; lastKnownFileType = sourcecode.c.objc; path = "NSMutableArray+StackAndQueue.m"; sourceTree = "<group>"; };
		236D58171759F17D006763A5 /* NSMutableStringExtensions.h */ = {isa = PBXFileReference; fileEncoding = 4; lastKnownFileType = sourcecode.c.h; path = NSMutableStringExtensions.h; sourceTree = "<group>"; };
		236D58181759F17D006763A5 /* NSMutableStringExtensions.m */ = {isa = PBXFileReference; fileEncoding = 4; lastKnownFileType = sourcecode.c.objc; path = NSMutableStringExtensions.m; sourceTree = "<group>"; };
		236D58191759F17D006763A5 /* NSOperationQueue+Global.h */ = {isa = PBXFileReference; fileEncoding = 4; lastKnownFileType = sourcecode.c.h; path = "NSOperationQueue+Global.h"; sourceTree = "<group>"; };
		236D581A1759F17D006763A5 /* NSOperationQueue+Global.m */ = {isa = PBXFileReference; fileEncoding = 4; lastKnownFileType = sourcecode.c.objc; path = "NSOperationQueue+Global.m"; sourceTree = "<group>"; };
		236D581B1759F17D006763A5 /* NSString+NumberAddition.h */ = {isa = PBXFileReference; fileEncoding = 4; lastKnownFileType = sourcecode.c.h; path = "NSString+NumberAddition.h"; sourceTree = "<group>"; };
		236D581C1759F17D006763A5 /* NSString+NumberAddition.m */ = {isa = PBXFileReference; fileEncoding = 4; lastKnownFileType = sourcecode.c.objc; path = "NSString+NumberAddition.m"; sourceTree = "<group>"; };
		236D581D1759F17D006763A5 /* NSString+URLAddition.h */ = {isa = PBXFileReference; fileEncoding = 4; lastKnownFileType = sourcecode.c.h; path = "NSString+URLAddition.h"; sourceTree = "<group>"; };
		236D581E1759F17D006763A5 /* NSString+URLAddition.m */ = {isa = PBXFileReference; fileEncoding = 4; lastKnownFileType = sourcecode.c.objc; path = "NSString+URLAddition.m"; sourceTree = "<group>"; };
		236D581F1759F17D006763A5 /* NSStringExtensions.h */ = {isa = PBXFileReference; fileEncoding = 4; lastKnownFileType = sourcecode.c.h; path = NSStringExtensions.h; sourceTree = "<group>"; };
		236D58201759F17D006763A5 /* NSStringExtensions.m */ = {isa = PBXFileReference; fileEncoding = 4; lastKnownFileType = sourcecode.c.objc; path = NSStringExtensions.m; sourceTree = "<group>"; };
		236D58211759F17D006763A5 /* UIColor+Addtions.h */ = {isa = PBXFileReference; fileEncoding = 4; lastKnownFileType = sourcecode.c.h; path = "UIColor+Addtions.h"; sourceTree = "<group>"; };
		236D58221759F17D006763A5 /* UIColor+Addtions.m */ = {isa = PBXFileReference; fileEncoding = 4; lastKnownFileType = sourcecode.c.objc; path = "UIColor+Addtions.m"; sourceTree = "<group>"; };
		236D58231759F17D006763A5 /* UIImage+SizeAddition.h */ = {isa = PBXFileReference; fileEncoding = 4; lastKnownFileType = sourcecode.c.h; path = "UIImage+SizeAddition.h"; sourceTree = "<group>"; };
		236D58241759F17D006763A5 /* UIImage+SizeAddition.m */ = {isa = PBXFileReference; fileEncoding = 4; lastKnownFileType = sourcecode.c.objc; path = "UIImage+SizeAddition.m"; sourceTree = "<group>"; };
		236D58251759F17D006763A5 /* UIScrollView+Paging.h */ = {isa = PBXFileReference; fileEncoding = 4; lastKnownFileType = sourcecode.c.h; path = "UIScrollView+Paging.h"; sourceTree = "<group>"; };
		236D58261759F17D006763A5 /* UIScrollView+Paging.m */ = {isa = PBXFileReference; fileEncoding = 4; lastKnownFileType = sourcecode.c.objc; path = "UIScrollView+Paging.m"; sourceTree = "<group>"; };
		236D58271759F17D006763A5 /* UIView+FrameAddition.h */ = {isa = PBXFileReference; fileEncoding = 4; lastKnownFileType = sourcecode.c.h; path = "UIView+FrameAddition.h"; sourceTree = "<group>"; };
		236D58281759F17D006763A5 /* UIView+FrameAddition.m */ = {isa = PBXFileReference; fileEncoding = 4; lastKnownFileType = sourcecode.c.objc; path = "UIView+FrameAddition.m"; sourceTree = "<group>"; };
		236D583B1759F1F1006763A5 /* HTBlock.xcodeproj */ = {isa = PBXFileReference; lastKnownFileType = "wrapper.pb-project"; name = HTBlock.xcodeproj; path = htblock/HTBlock.xcodeproj; sourceTree = SOURCE_ROOT; };
		236D58411759F23F006763A5 /* HTPyFunctions.xcodeproj */ = {isa = PBXFileReference; lastKnownFileType = "wrapper.pb-project"; name = HTPyFunctions.xcodeproj; path = HTPyFunctions/HTPyFunctions.xcodeproj; sourceTree = SOURCE_ROOT; };
		236D58501759F3DD006763A5 /* CFNetwork.framework */ = {isa = PBXFileReference; lastKnownFileType = wrapper.framework; name = CFNetwork.framework; path = System/Library/Frameworks/CFNetwork.framework; sourceTree = SDKROOT; };
		236D58521759F3E6006763A5 /* SystemConfiguration.framework */ = {isa = PBXFileReference; lastKnownFileType = wrapper.framework; name = SystemConfiguration.framework; path = System/Library/Frameworks/SystemConfiguration.framework; sourceTree = SDKROOT; };
		236D58541759F482006763A5 /* MobileCoreServices.framework */ = {isa = PBXFileReference; lastKnownFileType = wrapper.framework; name = MobileCoreServices.framework; path = System/Library/Frameworks/MobileCoreServices.framework; sourceTree = SDKROOT; };
		236D585A175A32E8006763A5 /* ITModel.h */ = {isa = PBXFileReference; fileEncoding = 4; lastKnownFileType = sourcecode.c.h; path = ITModel.h; sourceTree = "<group>"; };
		236D585B175A32E8006763A5 /* ITModel.m */ = {isa = PBXFileReference; fileEncoding = 4; lastKnownFileType = sourcecode.c.objc; path = ITModel.m; sourceTree = "<group>"; };
		236D585D175A3350006763A5 /* ITUser.h */ = {isa = PBXFileReference; fileEncoding = 4; lastKnownFileType = sourcecode.c.h; path = ITUser.h; sourceTree = "<group>"; };
		236D585E175A3350006763A5 /* ITUser.m */ = {isa = PBXFileReference; fileEncoding = 4; lastKnownFileType = sourcecode.c.objc; path = ITUser.m; sourceTree = "<group>"; };
		236D5862175A339B006763A5 /* ITConverter.h */ = {isa = PBXFileReference; fileEncoding = 4; lastKnownFileType = sourcecode.c.h; path = ITConverter.h; sourceTree = "<group>"; };
		236D5863175A339B006763A5 /* ITConverter.m */ = {isa = PBXFileReference; fileEncoding = 4; lastKnownFileType = sourcecode.c.objc; path = ITConverter.m; sourceTree = "<group>"; };
		236D5865175A398C006763A5 /* ITRequest.h */ = {isa = PBXFileReference; fileEncoding = 4; lastKnownFileType = sourcecode.c.h; path = ITRequest.h; sourceTree = "<group>"; };
		236D5866175A398C006763A5 /* ITRequest.m */ = {isa = PBXFileReference; fileEncoding = 4; lastKnownFileType = sourcecode.c.objc; path = ITRequest.m; sourceTree = "<group>"; };
		236D5868175A3C42006763A5 /* ITFile.h */ = {isa = PBXFileReference; fileEncoding = 4; lastKnownFileType = sourcecode.c.h; path = ITFile.h; sourceTree = "<group>"; };
		236D5869175A3C42006763A5 /* ITFile.m */ = {isa = PBXFileReference; fileEncoding = 4; lastKnownFileType = sourcecode.c.objc; path = ITFile.m; sourceTree = "<group>"; };
		236D586B175A3D16006763A5 /* ITURLRequest.h */ = {isa = PBXFileReference; fileEncoding = 4; lastKnownFileType = sourcecode.c.h; path = ITURLRequest.h; sourceTree = "<group>"; };
		236D586C175A3D16006763A5 /* ITURLRequest.m */ = {isa = PBXFileReference; fileEncoding = 4; lastKnownFileType = sourcecode.c.objc; path = ITURLRequest.m; sourceTree = "<group>"; };
		236D5870175A5D55006763A5 /* ITIssue.h */ = {isa = PBXFileReference; fileEncoding = 4; lastKnownFileType = sourcecode.c.h; path = ITIssue.h; sourceTree = "<group>"; };
		236D5871175A5D55006763A5 /* ITIssue.m */ = {isa = PBXFileReference; fileEncoding = 4; lastKnownFileType = sourcecode.c.objc; path = ITIssue.m; sourceTree = "<group>"; };
		236D5874175A5E5C006763A5 /* ITPhoto.h */ = {isa = PBXFileReference; fileEncoding = 4; lastKnownFileType = sourcecode.c.h; path = ITPhoto.h; sourceTree = "<group>"; };
		236D5875175A5E5C006763A5 /* ITPhoto.m */ = {isa = PBXFileReference; fileEncoding = 4; lastKnownFileType = sourcecode.c.objc; path = ITPhoto.m; sourceTree = "<group>"; };
		236D5877175A61C2006763A5 /* ITComment.h */ = {isa = PBXFileReference; fileEncoding = 4; lastKnownFileType = sourcecode.c.h; path = ITComment.h; sourceTree = "<group>"; };
		236D5878175A61C2006763A5 /* ITComment.m */ = {isa = PBXFileReference; fileEncoding = 4; lastKnownFileType = sourcecode.c.objc; path = ITComment.m; sourceTree = "<group>"; };
		236D5884175A7280006763A5 /* UIImage+MeetyBlur.h */ = {isa = PBXFileReference; fileEncoding = 4; lastKnownFileType = sourcecode.c.h; path = "UIImage+MeetyBlur.h"; sourceTree = "<group>"; };
		236D5885175A7280006763A5 /* UIImage+MeetyBlur.m */ = {isa = PBXFileReference; fileEncoding = 4; lastKnownFileType = sourcecode.c.objc; path = "UIImage+MeetyBlur.m"; sourceTree = "<group>"; };
		236D5887175A73F8006763A5 /* UIImage+Picker.h */ = {isa = PBXFileReference; fileEncoding = 4; lastKnownFileType = sourcecode.c.h; path = "UIImage+Picker.h"; sourceTree = "<group>"; };
		236D5888175A73F8006763A5 /* UIImage+Picker.m */ = {isa = PBXFileReference; fileEncoding = 4; lastKnownFileType = sourcecode.c.objc; path = "UIImage+Picker.m"; sourceTree = "<group>"; };
		236D588A175A74AD006763A5 /* UIImage+HTLong.h */ = {isa = PBXFileReference; fileEncoding = 4; lastKnownFileType = sourcecode.c.h; path = "UIImage+HTLong.h"; sourceTree = "<group>"; };
		236D588B175A74AD006763A5 /* UIImage+HTLong.m */ = {isa = PBXFileReference; fileEncoding = 4; lastKnownFileType = sourcecode.c.objc; path = "UIImage+HTLong.m"; sourceTree = "<group>"; };
		236D588C175A74AD006763A5 /* UIView+FirstResponder.h */ = {isa = PBXFileReference; fileEncoding = 4; lastKnownFileType = sourcecode.c.h; path = "UIView+FirstResponder.h"; sourceTree = "<group>"; };
		236D588D175A74AD006763A5 /* UIView+FirstResponder.m */ = {isa = PBXFileReference; fileEncoding = 4; lastKnownFileType = sourcecode.c.objc; path = "UIView+FirstResponder.m"; sourceTree = "<group>"; };
		236D588E175A74AD006763A5 /* NSObject+HijackMethod.h */ = {isa = PBXFileReference; fileEncoding = 4; lastKnownFileType = sourcecode.c.h; path = "NSObject+HijackMethod.h"; sourceTree = "<group>"; };
		236D588F175A74AD006763A5 /* NSObject+HijackMethod.m */ = {isa = PBXFileReference; fileEncoding = 4; lastKnownFileType = sourcecode.c.objc; path = "NSObject+HijackMethod.m"; sourceTree = "<group>"; };
		236D5890175A74AE006763A5 /* UIResponder+FirstresponderNotification.h */ = {isa = PBXFileReference; fileEncoding = 4; lastKnownFileType = sourcecode.c.h; path = "UIResponder+FirstresponderNotification.h"; sourceTree = "<group>"; };
		236D5891175A74AE006763A5 /* UIResponder+FirstresponderNotification.m */ = {isa = PBXFileReference; fileEncoding = 4; lastKnownFileType = sourcecode.c.objc; path = "UIResponder+FirstresponderNotification.m"; sourceTree = "<group>"; };
		236D5892175A74AE006763A5 /* NSObject+SimpleClassChecking.h */ = {isa = PBXFileReference; fileEncoding = 4; lastKnownFileType = sourcecode.c.h; path = "NSObject+SimpleClassChecking.h"; sourceTree = "<group>"; };
		236D5893175A74AE006763A5 /* NSObject+SimpleClassChecking.m */ = {isa = PBXFileReference; fileEncoding = 4; lastKnownFileType = sourcecode.c.objc; path = "NSObject+SimpleClassChecking.m"; sourceTree = "<group>"; };
		236D5894175A74AE006763A5 /* UIViewController+Hierarchy.h */ = {isa = PBXFileReference; fileEncoding = 4; lastKnownFileType = sourcecode.c.h; path = "UIViewController+Hierarchy.h"; sourceTree = "<group>"; };
		236D5895175A74AE006763A5 /* UIViewController+Hierarchy.m */ = {isa = PBXFileReference; fileEncoding = 4; lastKnownFileType = sourcecode.c.objc; path = "UIViewController+Hierarchy.m"; sourceTree = "<group>"; };
		236D589D175A74D1006763A5 /* UIImage+StackBlur.h */ = {isa = PBXFileReference; fileEncoding = 4; lastKnownFileType = sourcecode.c.h; path = "UIImage+StackBlur.h"; sourceTree = "<group>"; };
		236D589E175A74D1006763A5 /* UIImage+StackBlur.m */ = {isa = PBXFileReference; fileEncoding = 4; lastKnownFileType = sourcecode.c.objc; path = "UIImage+StackBlur.m"; sourceTree = "<group>"; };
		236D58A1175A74EF006763A5 /* UIImage+AutoLevels.h */ = {isa = PBXFileReference; fileEncoding = 4; lastKnownFileType = sourcecode.c.h; path = "UIImage+AutoLevels.h"; sourceTree = "<group>"; };
		236D58A2175A74EF006763A5 /* UIImage+AutoLevels.m */ = {isa = PBXFileReference; fileEncoding = 4; lastKnownFileType = sourcecode.c.objc; path = "UIImage+AutoLevels.m"; sourceTree = "<group>"; };
		236D58A3175A74EF006763A5 /* UIImage+Brightness.h */ = {isa = PBXFileReference; fileEncoding = 4; lastKnownFileType = sourcecode.c.h; path = "UIImage+Brightness.h"; sourceTree = "<group>"; };
		236D58A4175A74EF006763A5 /* UIImage+Brightness.m */ = {isa = PBXFileReference; fileEncoding = 4; lastKnownFileType = sourcecode.c.objc; path = "UIImage+Brightness.m"; sourceTree = "<group>"; };
		236D58A5175A74EF006763A5 /* UIImage+Contrast.h */ = {isa = PBXFileReference; fileEncoding = 4; lastKnownFileType = sourcecode.c.h; path = "UIImage+Contrast.h"; sourceTree = "<group>"; };
		236D58A6175A74EF006763A5 /* UIImage+Contrast.m */ = {isa = PBXFileReference; fileEncoding = 4; lastKnownFileType = sourcecode.c.objc; path = "UIImage+Contrast.m"; sourceTree = "<group>"; };
		236D58A7175A74EF006763A5 /* UIImage+FixRotation.h */ = {isa = PBXFileReference; fileEncoding = 4; lastKnownFileType = sourcecode.c.h; path = "UIImage+FixRotation.h"; sourceTree = "<group>"; };
		236D58A8175A74EF006763A5 /* UIImage+FixRotation.m */ = {isa = PBXFileReference; fileEncoding = 4; lastKnownFileType = sourcecode.c.objc; path = "UIImage+FixRotation.m"; sourceTree = "<group>"; };
		236D58A9175A74EF006763A5 /* UIImage+Gaussian.h */ = {isa = PBXFileReference; fileEncoding = 4; lastKnownFileType = sourcecode.c.h; path = "UIImage+Gaussian.h"; sourceTree = "<group>"; };
		236D58AA175A74EF006763A5 /* UIImage+Gaussian.m */ = {isa = PBXFileReference; fileEncoding = 4; lastKnownFileType = sourcecode.c.objc; path = "UIImage+Gaussian.m"; sourceTree = "<group>"; };
		236D58AB175A74EF006763A5 /* UIImage+Thumbnail.h */ = {isa = PBXFileReference; fileEncoding = 4; lastKnownFileType = sourcecode.c.h; path = "UIImage+Thumbnail.h"; sourceTree = "<group>"; };
		236D58AC175A74EF006763A5 /* UIImage+Thumbnail.m */ = {isa = PBXFileReference; fileEncoding = 4; lastKnownFileType = sourcecode.c.objc; path = "UIImage+Thumbnail.m"; sourceTree = "<group>"; };
		236D58B3175A752F006763A5 /* MeetyFunctions.h */ = {isa = PBXFileReference; lastKnownFileType = sourcecode.c.h; path = MeetyFunctions.h; sourceTree = "<group>"; };
		236D58B4175A752F006763A5 /* MeetyFunctions.m */ = {isa = PBXFileReference; lastKnownFileType = sourcecode.c.objc; path = MeetyFunctions.m; sourceTree = "<group>"; };
		236D58B5175A755A006763A5 /* UIImage+MeetyProcess.h */ = {isa = PBXFileReference; fileEncoding = 4; lastKnownFileType = sourcecode.c.h; path = "UIImage+MeetyProcess.h"; sourceTree = "<group>"; };
		236D58B6175A755B006763A5 /* UIImage+MeetyProcess.m */ = {isa = PBXFileReference; fileEncoding = 4; lastKnownFileType = sourcecode.c.objc; path = "UIImage+MeetyProcess.m"; sourceTree = "<group>"; };
		236D58BB175A87ED006763A5 /* edit_back@2x.png */ = {isa = PBXFileReference; lastKnownFileType = image.png; path = "edit_back@2x.png"; sourceTree = "<group>"; };
		236D58BC175A87ED006763A5 /* edit_back.png */ = {isa = PBXFileReference; lastKnownFileType = image.png; path = edit_back.png; sourceTree = "<group>"; };
		236D58C5175A886F006763A5 /* MeetyClipView.xcodeproj */ = {isa = PBXFileReference; lastKnownFileType = "wrapper.pb-project"; name = MeetyClipView.xcodeproj; path = MeetyClipView/MeetyClipView.xcodeproj; sourceTree = SOURCE_ROOT; };
		236D58D4175A92D9006763A5 /* plus@2x.png */ = {isa = PBXFileReference; lastKnownFileType = image.png; path = "plus@2x.png"; sourceTree = "<group>"; };
		236D58D5175A92D9006763A5 /* plus.png */ = {isa = PBXFileReference; lastKnownFileType = image.png; path = plus.png; sourceTree = "<group>"; };
		236D58D8175A9305006763A5 /* plus2@2x.png */ = {isa = PBXFileReference; lastKnownFileType = image.png; path = "plus2@2x.png"; sourceTree = "<group>"; };
		236D58D9175A9305006763A5 /* plus2.png */ = {isa = PBXFileReference; lastKnownFileType = image.png; path = plus2.png; sourceTree = "<group>"; };
		236D58DC175A97B2006763A5 /* MeetyImageCache.h */ = {isa = PBXFileReference; fileEncoding = 4; lastKnownFileType = sourcecode.c.h; path = MeetyImageCache.h; sourceTree = "<group>"; };
		236D58DD175A97B2006763A5 /* MeetyImageCache.m */ = {isa = PBXFileReference; fileEncoding = 4; lastKnownFileType = sourcecode.c.objc; path = MeetyImageCache.m; sourceTree = "<group>"; };
		236D58DE175A97B3006763A5 /* UIImageView+MeetyImageCache.h */ = {isa = PBXFileReference; fileEncoding = 4; lastKnownFileType = sourcecode.c.h; path = "UIImageView+MeetyImageCache.h"; sourceTree = "<group>"; };
		236D58DF175A97B4006763A5 /* UIImageView+MeetyImageCache.m */ = {isa = PBXFileReference; fileEncoding = 4; lastKnownFileType = sourcecode.c.objc; path = "UIImageView+MeetyImageCache.m"; sourceTree = "<group>"; };
		236D58E2175A9CD5006763A5 /* MBProgressHUD.h */ = {isa = PBXFileReference; fileEncoding = 4; lastKnownFileType = sourcecode.c.h; path = MBProgressHUD.h; sourceTree = "<group>"; };
		236D58E3175A9CD6006763A5 /* MBProgressHUD.m */ = {isa = PBXFileReference; fileEncoding = 4; lastKnownFileType = sourcecode.c.objc; path = MBProgressHUD.m; sourceTree = "<group>"; };
		300F8DE8175A5CD0004E0FDE /* ITPhotoViewController.h */ = {isa = PBXFileReference; fileEncoding = 4; lastKnownFileType = sourcecode.c.h; path = ITPhotoViewController.h; sourceTree = "<group>"; };
		300F8DE9175A5CD0004E0FDE /* ITPhotoViewController.m */ = {isa = PBXFileReference; fileEncoding = 4; lastKnownFileType = sourcecode.c.objc; path = ITPhotoViewController.m; sourceTree = "<group>"; };
		306FFDAC1759ECE10025214A /* Issue.app */ = {isa = PBXFileReference; explicitFileType = wrapper.application; includeInIndex = 0; path = Issue.app; sourceTree = BUILT_PRODUCTS_DIR; };
		306FFDAF1759ECE10025214A /* UIKit.framework */ = {isa = PBXFileReference; lastKnownFileType = wrapper.framework; name = UIKit.framework; path = System/Library/Frameworks/UIKit.framework; sourceTree = SDKROOT; };
		306FFDB11759ECE10025214A /* Foundation.framework */ = {isa = PBXFileReference; lastKnownFileType = wrapper.framework; name = Foundation.framework; path = System/Library/Frameworks/Foundation.framework; sourceTree = SDKROOT; };
		306FFDB31759ECE10025214A /* CoreGraphics.framework */ = {isa = PBXFileReference; lastKnownFileType = wrapper.framework; name = CoreGraphics.framework; path = System/Library/Frameworks/CoreGraphics.framework; sourceTree = SDKROOT; };
		306FFDB71759ECE10025214A /* Issue-Info.plist */ = {isa = PBXFileReference; lastKnownFileType = text.plist.xml; path = "Issue-Info.plist"; sourceTree = "<group>"; };
		306FFDB91759ECE10025214A /* en */ = {isa = PBXFileReference; lastKnownFileType = text.plist.strings; name = en; path = en.lproj/InfoPlist.strings; sourceTree = "<group>"; };
		306FFDBB1759ECE10025214A /* main.m */ = {isa = PBXFileReference; lastKnownFileType = sourcecode.c.objc; path = main.m; sourceTree = "<group>"; };
		306FFDBD1759ECE10025214A /* Issue-Prefix.pch */ = {isa = PBXFileReference; lastKnownFileType = sourcecode.c.h; path = "Issue-Prefix.pch"; sourceTree = "<group>"; };
		306FFDBE1759ECE10025214A /* AppDelegate.h */ = {isa = PBXFileReference; lastKnownFileType = sourcecode.c.h; path = AppDelegate.h; sourceTree = "<group>"; };
		306FFDBF1759ECE10025214A /* AppDelegate.m */ = {isa = PBXFileReference; lastKnownFileType = sourcecode.c.objc; path = AppDelegate.m; sourceTree = "<group>"; };
		306FFDC11759ECE10025214A /* Default.png */ = {isa = PBXFileReference; lastKnownFileType = image.png; path = Default.png; sourceTree = "<group>"; };
		306FFDC31759ECE10025214A /* Default@2x.png */ = {isa = PBXFileReference; lastKnownFileType = image.png; path = "Default@2x.png"; sourceTree = "<group>"; };
		306FFDC51759ECE10025214A /* Default-568h@2x.png */ = {isa = PBXFileReference; lastKnownFileType = image.png; path = "Default-568h@2x.png"; sourceTree = "<group>"; };
		306FFDD11759EF510025214A /* AFHTTPClient.h */ = {isa = PBXFileReference; fileEncoding = 4; lastKnownFileType = sourcecode.c.h; path = AFHTTPClient.h; sourceTree = "<group>"; };
		306FFDD21759EF510025214A /* AFHTTPClient.m */ = {isa = PBXFileReference; fileEncoding = 4; lastKnownFileType = sourcecode.c.objc; path = AFHTTPClient.m; sourceTree = "<group>"; };
		306FFDD31759EF510025214A /* AFHTTPRequestOperation.h */ = {isa = PBXFileReference; fileEncoding = 4; lastKnownFileType = sourcecode.c.h; path = AFHTTPRequestOperation.h; sourceTree = "<group>"; };
		306FFDD41759EF510025214A /* AFHTTPRequestOperation.m */ = {isa = PBXFileReference; fileEncoding = 4; lastKnownFileType = sourcecode.c.objc; path = AFHTTPRequestOperation.m; sourceTree = "<group>"; };
		306FFDD51759EF510025214A /* AFImageRequestOperation.h */ = {isa = PBXFileReference; fileEncoding = 4; lastKnownFileType = sourcecode.c.h; path = AFImageRequestOperation.h; sourceTree = "<group>"; };
		306FFDD61759EF510025214A /* AFImageRequestOperation.m */ = {isa = PBXFileReference; fileEncoding = 4; lastKnownFileType = sourcecode.c.objc; path = AFImageRequestOperation.m; sourceTree = "<group>"; };
		306FFDD71759EF510025214A /* AFJSONRequestOperation.h */ = {isa = PBXFileReference; fileEncoding = 4; lastKnownFileType = sourcecode.c.h; path = AFJSONRequestOperation.h; sourceTree = "<group>"; };
		306FFDD81759EF510025214A /* AFJSONRequestOperation.m */ = {isa = PBXFileReference; fileEncoding = 4; lastKnownFileType = sourcecode.c.objc; path = AFJSONRequestOperation.m; sourceTree = "<group>"; };
		306FFDD91759EF510025214A /* AFNetworkActivityIndicatorManager.h */ = {isa = PBXFileReference; fileEncoding = 4; lastKnownFileType = sourcecode.c.h; path = AFNetworkActivityIndicatorManager.h; sourceTree = "<group>"; };
		306FFDDA1759EF510025214A /* AFNetworkActivityIndicatorManager.m */ = {isa = PBXFileReference; fileEncoding = 4; lastKnownFileType = sourcecode.c.objc; path = AFNetworkActivityIndicatorManager.m; sourceTree = "<group>"; };
		306FFDDB1759EF510025214A /* AFNetworking.h */ = {isa = PBXFileReference; fileEncoding = 4; lastKnownFileType = sourcecode.c.h; path = AFNetworking.h; sourceTree = "<group>"; };
		306FFDDC1759EF510025214A /* AFPropertyListRequestOperation.h */ = {isa = PBXFileReference; fileEncoding = 4; lastKnownFileType = sourcecode.c.h; path = AFPropertyListRequestOperation.h; sourceTree = "<group>"; };
		306FFDDD1759EF510025214A /* AFPropertyListRequestOperation.m */ = {isa = PBXFileReference; fileEncoding = 4; lastKnownFileType = sourcecode.c.objc; path = AFPropertyListRequestOperation.m; sourceTree = "<group>"; };
		306FFDDE1759EF510025214A /* AFURLConnectionOperation.h */ = {isa = PBXFileReference; fileEncoding = 4; lastKnownFileType = sourcecode.c.h; path = AFURLConnectionOperation.h; sourceTree = "<group>"; };
		306FFDDF1759EF510025214A /* AFURLConnectionOperation.m */ = {isa = PBXFileReference; fileEncoding = 4; lastKnownFileType = sourcecode.c.objc; path = AFURLConnectionOperation.m; sourceTree = "<group>"; };
		306FFDE01759EF510025214A /* AFXMLRequestOperation.h */ = {isa = PBXFileReference; fileEncoding = 4; lastKnownFileType = sourcecode.c.h; path = AFXMLRequestOperation.h; sourceTree = "<group>"; };
		306FFDE11759EF510025214A /* AFXMLRequestOperation.m */ = {isa = PBXFileReference; fileEncoding = 4; lastKnownFileType = sourcecode.c.objc; path = AFXMLRequestOperation.m; sourceTree = "<group>"; };
		306FFDE21759EF510025214A /* UIImageView+AFNetworking.h */ = {isa = PBXFileReference; fileEncoding = 4; lastKnownFileType = sourcecode.c.h; path = "UIImageView+AFNetworking.h"; sourceTree = "<group>"; };
		306FFDE31759EF510025214A /* UIImageView+AFNetworking.m */ = {isa = PBXFileReference; fileEncoding = 4; lastKnownFileType = sourcecode.c.objc; path = "UIImageView+AFNetworking.m"; sourceTree = "<group>"; };
		306FFDF1175A16320025214A /* ITNavigationController.h */ = {isa = PBXFileReference; fileEncoding = 4; lastKnownFileType = sourcecode.c.h; path = ITNavigationController.h; sourceTree = "<group>"; };
		306FFDF2175A16320025214A /* ITNavigationController.m */ = {isa = PBXFileReference; fileEncoding = 4; lastKnownFileType = sourcecode.c.objc; path = ITNavigationController.m; sourceTree = "<group>"; };
		306FFDF4175A17980025214A /* ITFeedViewController.h */ = {isa = PBXFileReference; fileEncoding = 4; lastKnownFileType = sourcecode.c.h; path = ITFeedViewController.h; sourceTree = "<group>"; };
		306FFDF5175A17980025214A /* ITFeedViewController.m */ = {isa = PBXFileReference; fileEncoding = 4; lastKnownFileType = sourcecode.c.objc; path = ITFeedViewController.m; sourceTree = "<group>"; };
		306FFDF7175A28CA0025214A /* ITLoginViewController.h */ = {isa = PBXFileReference; fileEncoding = 4; lastKnownFileType = sourcecode.c.h; path = ITLoginViewController.h; sourceTree = "<group>"; };
		306FFDF8175A28CA0025214A /* ITLoginViewController.m */ = {isa = PBXFileReference; fileEncoding = 4; lastKnownFileType = sourcecode.c.objc; path = ITLoginViewController.m; sourceTree = "<group>"; };
		306FFDFB175A34240025214A /* ITUtil.h */ = {isa = PBXFileReference; fileEncoding = 4; lastKnownFileType = sourcecode.c.h; path = ITUtil.h; sourceTree = "<group>"; };
		306FFDFC175A34240025214A /* ITUtil.m */ = {isa = PBXFileReference; fileEncoding = 4; lastKnownFileType = sourcecode.c.objc; path = ITUtil.m; sourceTree = "<group>"; };
/* End PBXFileReference section */

/* Begin PBXFrameworksBuildPhase section */
		306FFDA91759ECE10025214A /* Frameworks */ = {
			isa = PBXFrameworksBuildPhase;
			buildActionMask = 2147483647;
			files = (
				236D58CD175A8890006763A5 /* libMeetyClipView.a in Frameworks */,
				236D58551759F482006763A5 /* MobileCoreServices.framework in Frameworks */,
				236D58531759F3E6006763A5 /* SystemConfiguration.framework in Frameworks */,
				236D58511759F3DD006763A5 /* CFNetwork.framework in Frameworks */,
				236D584F1759F3D5006763A5 /* libHTBlock.a in Frameworks */,
				236D584E1759F3D3006763A5 /* libHTPyFunctions.a in Frameworks */,
				306FFDB01759ECE10025214A /* UIKit.framework in Frameworks */,
				306FFDB21759ECE10025214A /* Foundation.framework in Frameworks */,
				306FFDB41759ECE10025214A /* CoreGraphics.framework in Frameworks */,
			);
			runOnlyForDeploymentPostprocessing = 0;
		};
/* End PBXFrameworksBuildPhase section */

/* Begin PBXGroup section */
		236D58041759F175006763A5 /* HTLibrary */ = {
			isa = PBXGroup;
			children = (
				236D58051759F17D006763A5 /* HTConfig.h */,
				236D58061759F17D006763A5 /* HTConfig.m */,
				236D58071759F17D006763A5 /* HTARCSupport.h */,
				236D58081759F17D006763A5 /* HTARCSupport.m */,
				236D58091759F17D006763A5 /* HTAsyncOperation.h */,
				236D580A1759F17D006763A5 /* HTAsyncOperation.m */,
				236D580B1759F17D006763A5 /* HTVerticalView.h */,
				236D580C1759F17D006763A5 /* HTVerticalView.m */,
				236D580D1759F17D006763A5 /* HTHorizontalView.h */,
				236D580E1759F17D006763A5 /* HTHorizontalView.m */,
				236D580F1759F17D006763A5 /* HTLinearView.h */,
				236D58101759F17D006763A5 /* HTLinearView.m */,
				236D58111759F17D006763A5 /* NSDataAdditions.h */,
				236D58121759F17D006763A5 /* NSDataAdditions.m */,
				236D58131759F17D006763A5 /* NSDictionary+URLExtensions.h */,
				236D58141759F17D006763A5 /* NSDictionary+URLExtensions.m */,
				236D58151759F17D006763A5 /* NSMutableArray+StackAndQueue.h */,
				236D58161759F17D006763A5 /* NSMutableArray+StackAndQueue.m */,
				236D58171759F17D006763A5 /* NSMutableStringExtensions.h */,
				236D58181759F17D006763A5 /* NSMutableStringExtensions.m */,
				236D58191759F17D006763A5 /* NSOperationQueue+Global.h */,
				236D581A1759F17D006763A5 /* NSOperationQueue+Global.m */,
				236D581B1759F17D006763A5 /* NSString+NumberAddition.h */,
				236D581C1759F17D006763A5 /* NSString+NumberAddition.m */,
				236D581D1759F17D006763A5 /* NSString+URLAddition.h */,
				236D581E1759F17D006763A5 /* NSString+URLAddition.m */,
				236D581F1759F17D006763A5 /* NSStringExtensions.h */,
				236D58201759F17D006763A5 /* NSStringExtensions.m */,
				236D58211759F17D006763A5 /* UIColor+Addtions.h */,
				236D58221759F17D006763A5 /* UIColor+Addtions.m */,
				236D58231759F17D006763A5 /* UIImage+SizeAddition.h */,
				236D58241759F17D006763A5 /* UIImage+SizeAddition.m */,
				236D58251759F17D006763A5 /* UIScrollView+Paging.h */,
				236D58261759F17D006763A5 /* UIScrollView+Paging.m */,
				236D58271759F17D006763A5 /* UIView+FrameAddition.h */,
				236D58281759F17D006763A5 /* UIView+FrameAddition.m */,
			);
			name = HTLibrary;
			sourceTree = "<group>";
		};
		236D583C1759F1F1006763A5 /* Products */ = {
			isa = PBXGroup;
			children = (
				236D58401759F1F1006763A5 /* libHTBlock.a */,
			);
			name = Products;
			sourceTree = "<group>";
		};
		236D58421759F23F006763A5 /* Products */ = {
			isa = PBXGroup;
			children = (
				236D58471759F23F006763A5 /* libHTPyFunctions.a */,
				236D58491759F23F006763A5 /* HTPyFunctionsTests.octest */,
			);
			name = Products;
			sourceTree = "<group>";
		};
		236D5858175A32DE006763A5 /* Models */ = {
			isa = PBXGroup;
			children = (
				236D585A175A32E8006763A5 /* ITModel.h */,
				236D585B175A32E8006763A5 /* ITModel.m */,
				236D585D175A3350006763A5 /* ITUser.h */,
				236D585E175A3350006763A5 /* ITUser.m */,
				236D5870175A5D55006763A5 /* ITIssue.h */,
				236D5871175A5D55006763A5 /* ITIssue.m */,
				236D5874175A5E5C006763A5 /* ITPhoto.h */,
				236D5875175A5E5C006763A5 /* ITPhoto.m */,
				236D5877175A61C2006763A5 /* ITComment.h */,
				236D5878175A61C2006763A5 /* ITComment.m */,
			);
			name = Models;
			sourceTree = "<group>";
		};
		236D5861175A3384006763A5 /* Utils */ = {
			isa = PBXGroup;
			children = (
				236D58B3175A752F006763A5 /* MeetyFunctions.h */,
				236D58B4175A752F006763A5 /* MeetyFunctions.m */,
				236D5862175A339B006763A5 /* ITConverter.h */,
				236D5863175A339B006763A5 /* ITConverter.m */,
				236D586B175A3D16006763A5 /* ITURLRequest.h */,
				236D586C175A3D16006763A5 /* ITURLRequest.m */,
				236D5865175A398C006763A5 /* ITRequest.h */,
				236D5866175A398C006763A5 /* ITRequest.m */,
				236D5868175A3C42006763A5 /* ITFile.h */,
				236D5869175A3C42006763A5 /* ITFile.m */,
			);
			name = Utils;
			sourceTree = "<group>";
		};
		236D5882175A7278006763A5 /* Categories */ = {
			isa = PBXGroup;
			children = (
				236D5884175A7280006763A5 /* UIImage+MeetyBlur.h */,
				236D5885175A7280006763A5 /* UIImage+MeetyBlur.m */,
				236D5887175A73F8006763A5 /* UIImage+Picker.h */,
				236D5888175A73F8006763A5 /* UIImage+Picker.m */,
				236D588A175A74AD006763A5 /* UIImage+HTLong.h */,
				236D588B175A74AD006763A5 /* UIImage+HTLong.m */,
				236D588C175A74AD006763A5 /* UIView+FirstResponder.h */,
				236D588D175A74AD006763A5 /* UIView+FirstResponder.m */,
				236D588E175A74AD006763A5 /* NSObject+HijackMethod.h */,
				236D588F175A74AD006763A5 /* NSObject+HijackMethod.m */,
				236D5890175A74AE006763A5 /* UIResponder+FirstresponderNotification.h */,
				236D5891175A74AE006763A5 /* UIResponder+FirstresponderNotification.m */,
				236D5892175A74AE006763A5 /* NSObject+SimpleClassChecking.h */,
				236D5893175A74AE006763A5 /* NSObject+SimpleClassChecking.m */,
				236D5894175A74AE006763A5 /* UIViewController+Hierarchy.h */,
				236D5895175A74AE006763A5 /* UIViewController+Hierarchy.m */,
				236D58B5175A755A006763A5 /* UIImage+MeetyProcess.h */,
				236D58B6175A755B006763A5 /* UIImage+MeetyProcess.m */,
				236D58DC175A97B2006763A5 /* MeetyImageCache.h */,
				236D58DD175A97B2006763A5 /* MeetyImageCache.m */,
				236D58DE175A97B3006763A5 /* UIImageView+MeetyImageCache.h */,
				236D58DF175A97B4006763A5 /* UIImageView+MeetyImageCache.m */,
			);
			name = Categories;
			sourceTree = "<group>";
		};
		236D589C175A74CA006763A5 /* StackBlur */ = {
			isa = PBXGroup;
			children = (
				236D589D175A74D1006763A5 /* UIImage+StackBlur.h */,
				236D589E175A74D1006763A5 /* UIImage+StackBlur.m */,
			);
			name = StackBlur;
			sourceTree = "<group>";
		};
		236D58A0175A74E4006763A5 /* UIImageAdjust */ = {
			isa = PBXGroup;
			children = (
				236D58A1175A74EF006763A5 /* UIImage+AutoLevels.h */,
				236D58A2175A74EF006763A5 /* UIImage+AutoLevels.m */,
				236D58A3175A74EF006763A5 /* UIImage+Brightness.h */,
				236D58A4175A74EF006763A5 /* UIImage+Brightness.m */,
				236D58A5175A74EF006763A5 /* UIImage+Contrast.h */,
				236D58A6175A74EF006763A5 /* UIImage+Contrast.m */,
				236D58A7175A74EF006763A5 /* UIImage+FixRotation.h */,
				236D58A8175A74EF006763A5 /* UIImage+FixRotation.m */,
				236D58A9175A74EF006763A5 /* UIImage+Gaussian.h */,
				236D58AA175A74EF006763A5 /* UIImage+Gaussian.m */,
				236D58AB175A74EF006763A5 /* UIImage+Thumbnail.h */,
				236D58AC175A74EF006763A5 /* UIImage+Thumbnail.m */,
			);
			name = UIImageAdjust;
			sourceTree = "<group>";
		};
		236D58B9175A87CD006763A5 /* Resources */ = {
			isa = PBXGroup;
			children = (
				236D58BA175A87D2006763A5 /* Images */,
			);
			name = Resources;
			sourceTree = "<group>";
		};
		236D58BA175A87D2006763A5 /* Images */ = {
			isa = PBXGroup;
			children = (
				236D58D4175A92D9006763A5 /* plus@2x.png */,
				236D58D5175A92D9006763A5 /* plus.png */,
				236D58D8175A9305006763A5 /* plus2@2x.png */,
				236D58D9175A9305006763A5 /* plus2.png */,
				236D58BB175A87ED006763A5 /* edit_back@2x.png */,
				236D58BC175A87ED006763A5 /* edit_back.png */,
			);
			name = Images;
			sourceTree = "<group>";
		};
		236D58C6175A886F006763A5 /* Products */ = {
			isa = PBXGroup;
			children = (
				236D58CA175A8870006763A5 /* libMeetyClipView.a */,
			);
			name = Products;
			sourceTree = "<group>";
		};
		236D58E5175A9CD9006763A5 /* MB */ = {
			isa = PBXGroup;
			children = (
				236D58E2175A9CD5006763A5 /* MBProgressHUD.h */,
				236D58E3175A9CD6006763A5 /* MBProgressHUD.m */,
			);
			name = MB;
			sourceTree = "<group>";
		};
		306FFDA31759ECE10025214A = {
			isa = PBXGroup;
			children = (
				306FFDB51759ECE10025214A /* Issue */,
				306FFDAE1759ECE10025214A /* Frameworks */,
				306FFDAD1759ECE10025214A /* Products */,
			);
			sourceTree = "<group>";
		};
		306FFDAD1759ECE10025214A /* Products */ = {
			isa = PBXGroup;
			children = (
				306FFDAC1759ECE10025214A /* Issue.app */,
			);
			name = Products;
			sourceTree = "<group>";
		};
		306FFDAE1759ECE10025214A /* Frameworks */ = {
			isa = PBXGroup;
			children = (
				236D58541759F482006763A5 /* MobileCoreServices.framework */,
				236D58521759F3E6006763A5 /* SystemConfiguration.framework */,
				236D58501759F3DD006763A5 /* CFNetwork.framework */,
				306FFDAF1759ECE10025214A /* UIKit.framework */,
				306FFDB11759ECE10025214A /* Foundation.framework */,
				306FFDB31759ECE10025214A /* CoreGraphics.framework */,
			);
			name = Frameworks;
			sourceTree = "<group>";
		};
		306FFDB51759ECE10025214A /* Issue */ = {
			isa = PBXGroup;
			children = (
				236D58B9175A87CD006763A5 /* Resources */,
				236D5882175A7278006763A5 /* Categories */,
				236D5861175A3384006763A5 /* Utils */,
				236D5858175A32DE006763A5 /* Models */,
				306FFDCF1759EEFD0025214A /* Libraries */,
				306FFDEF175A0C4C0025214A /* Issue Tracker */,
				306FFDBE1759ECE10025214A /* AppDelegate.h */,
				306FFDBF1759ECE10025214A /* AppDelegate.m */,
				306FFDB61759ECE10025214A /* Supporting Files */,
			);
			path = Issue;
			sourceTree = "<group>";
		};
		306FFDB61759ECE10025214A /* Supporting Files */ = {
			isa = PBXGroup;
			children = (
				306FFDB71759ECE10025214A /* Issue-Info.plist */,
				306FFDB81759ECE10025214A /* InfoPlist.strings */,
				306FFDBB1759ECE10025214A /* main.m */,
				306FFDBD1759ECE10025214A /* Issue-Prefix.pch */,
				306FFDC11759ECE10025214A /* Default.png */,
				306FFDC31759ECE10025214A /* Default@2x.png */,
				306FFDC51759ECE10025214A /* Default-568h@2x.png */,
			);
			name = "Supporting Files";
			sourceTree = "<group>";
		};
		306FFDCF1759EEFD0025214A /* Libraries */ = {
			isa = PBXGroup;
			children = (
				236D58E5175A9CD9006763A5 /* MB */,
				236D58A0175A74E4006763A5 /* UIImageAdjust */,
				236D589C175A74CA006763A5 /* StackBlur */,
				236D58C5175A886F006763A5 /* MeetyClipView.xcodeproj */,
				236D58411759F23F006763A5 /* HTPyFunctions.xcodeproj */,
				236D583B1759F1F1006763A5 /* HTBlock.xcodeproj */,
				236D58041759F175006763A5 /* HTLibrary */,
				306FFDD01759EF510025214A /* AFNetworking */,
			);
			name = Libraries;
			sourceTree = "<group>";
		};
		306FFDD01759EF510025214A /* AFNetworking */ = {
			isa = PBXGroup;
			children = (
				306FFDD11759EF510025214A /* AFHTTPClient.h */,
				306FFDD21759EF510025214A /* AFHTTPClient.m */,
				306FFDD31759EF510025214A /* AFHTTPRequestOperation.h */,
				306FFDD41759EF510025214A /* AFHTTPRequestOperation.m */,
				306FFDD51759EF510025214A /* AFImageRequestOperation.h */,
				306FFDD61759EF510025214A /* AFImageRequestOperation.m */,
				306FFDD71759EF510025214A /* AFJSONRequestOperation.h */,
				306FFDD81759EF510025214A /* AFJSONRequestOperation.m */,
				306FFDD91759EF510025214A /* AFNetworkActivityIndicatorManager.h */,
				306FFDDA1759EF510025214A /* AFNetworkActivityIndicatorManager.m */,
				306FFDDB1759EF510025214A /* AFNetworking.h */,
				306FFDDC1759EF510025214A /* AFPropertyListRequestOperation.h */,
				306FFDDD1759EF510025214A /* AFPropertyListRequestOperation.m */,
				306FFDDE1759EF510025214A /* AFURLConnectionOperation.h */,
				306FFDDF1759EF510025214A /* AFURLConnectionOperation.m */,
				306FFDE01759EF510025214A /* AFXMLRequestOperation.h */,
				306FFDE11759EF510025214A /* AFXMLRequestOperation.m */,
				306FFDE21759EF510025214A /* UIImageView+AFNetworking.h */,
				306FFDE31759EF510025214A /* UIImageView+AFNetworking.m */,
			);
			name = AFNetworking;
			path = AFNetworking/AFNetworking;
			sourceTree = SOURCE_ROOT;
		};
		306FFDEF175A0C4C0025214A /* Issue Tracker */ = {
			isa = PBXGroup;
			children = (
				306FFDFA175A34100025214A /* Common */,
				306FFDF7175A28CA0025214A /* ITLoginViewController.h */,
				306FFDF8175A28CA0025214A /* ITLoginViewController.m */,
				306FFDF1175A16320025214A /* ITNavigationController.h */,
				306FFDF2175A16320025214A /* ITNavigationController.m */,
				306FFDF4175A17980025214A /* ITFeedViewController.h */,
				306FFDF5175A17980025214A /* ITFeedViewController.m */,
				300F8DE8175A5CD0004E0FDE /* ITPhotoViewController.h */,
				300F8DE9175A5CD0004E0FDE /* ITPhotoViewController.m */,
			);
			name = "Issue Tracker";
			sourceTree = "<group>";
		};
		306FFDFA175A34100025214A /* Common */ = {
			isa = PBXGroup;
			children = (
				306FFDFB175A34240025214A /* ITUtil.h */,
				306FFDFC175A34240025214A /* ITUtil.m */,
			);
			name = Common;
			sourceTree = "<group>";
		};
/* End PBXGroup section */

/* Begin PBXNativeTarget section */
		306FFDAB1759ECE10025214A /* Issue */ = {
			isa = PBXNativeTarget;
			buildConfigurationList = 306FFDC91759ECE10025214A /* Build configuration list for PBXNativeTarget "Issue" */;
			buildPhases = (
				306FFDA81759ECE10025214A /* Sources */,
				306FFDA91759ECE10025214A /* Frameworks */,
				306FFDAA1759ECE10025214A /* Resources */,
			);
			buildRules = (
			);
			dependencies = (
				236D58CC175A888E006763A5 /* PBXTargetDependency */,
				236D584D1759F3D1006763A5 /* PBXTargetDependency */,
				236D584B1759F3CE006763A5 /* PBXTargetDependency */,
			);
			name = Issue;
			productName = Issue;
			productReference = 306FFDAC1759ECE10025214A /* Issue.app */;
			productType = "com.apple.product-type.application";
		};
/* End PBXNativeTarget section */

/* Begin PBXProject section */
		306FFDA41759ECE10025214A /* Project object */ = {
			isa = PBXProject;
			attributes = {
				LastUpgradeCheck = 0460;
				ORGANIZATIONNAME = "임상진";
			};
			buildConfigurationList = 306FFDA71759ECE10025214A /* Build configuration list for PBXProject "Issue" */;
			compatibilityVersion = "Xcode 3.2";
			developmentRegion = English;
			hasScannedForEncodings = 0;
			knownRegions = (
				en,
			);
			mainGroup = 306FFDA31759ECE10025214A;
			productRefGroup = 306FFDAD1759ECE10025214A /* Products */;
			projectDirPath = "";
			projectReferences = (
				{
					ProductGroup = 236D583C1759F1F1006763A5 /* Products */;
					ProjectRef = 236D583B1759F1F1006763A5 /* HTBlock.xcodeproj */;
				},
				{
					ProductGroup = 236D58421759F23F006763A5 /* Products */;
					ProjectRef = 236D58411759F23F006763A5 /* HTPyFunctions.xcodeproj */;
				},
				{
					ProductGroup = 236D58C6175A886F006763A5 /* Products */;
					ProjectRef = 236D58C5175A886F006763A5 /* MeetyClipView.xcodeproj */;
				},
			);
			projectRoot = "";
			targets = (
				306FFDAB1759ECE10025214A /* Issue */,
			);
		};
/* End PBXProject section */

/* Begin PBXReferenceProxy section */
		236D58401759F1F1006763A5 /* libHTBlock.a */ = {
			isa = PBXReferenceProxy;
			fileType = archive.ar;
			path = libHTBlock.a;
			remoteRef = 236D583F1759F1F1006763A5 /* PBXContainerItemProxy */;
			sourceTree = BUILT_PRODUCTS_DIR;
		};
		236D58471759F23F006763A5 /* libHTPyFunctions.a */ = {
			isa = PBXReferenceProxy;
			fileType = archive.ar;
			path = libHTPyFunctions.a;
			remoteRef = 236D58461759F23F006763A5 /* PBXContainerItemProxy */;
			sourceTree = BUILT_PRODUCTS_DIR;
		};
		236D58491759F23F006763A5 /* HTPyFunctionsTests.octest */ = {
			isa = PBXReferenceProxy;
			fileType = wrapper.cfbundle;
			path = HTPyFunctionsTests.octest;
			remoteRef = 236D58481759F23F006763A5 /* PBXContainerItemProxy */;
			sourceTree = BUILT_PRODUCTS_DIR;
		};
		236D58CA175A8870006763A5 /* libMeetyClipView.a */ = {
			isa = PBXReferenceProxy;
			fileType = archive.ar;
			path = libMeetyClipView.a;
			remoteRef = 236D58C9175A8870006763A5 /* PBXContainerItemProxy */;
			sourceTree = BUILT_PRODUCTS_DIR;
		};
/* End PBXReferenceProxy section */

/* Begin PBXResourcesBuildPhase section */
		306FFDAA1759ECE10025214A /* Resources */ = {
			isa = PBXResourcesBuildPhase;
			buildActionMask = 2147483647;
			files = (
				306FFDBA1759ECE10025214A /* InfoPlist.strings in Resources */,
				306FFDC21759ECE10025214A /* Default.png in Resources */,
				306FFDC41759ECE10025214A /* Default@2x.png in Resources */,
				306FFDC61759ECE10025214A /* Default-568h@2x.png in Resources */,
				236D58BD175A87ED006763A5 /* edit_back@2x.png in Resources */,
				236D58BE175A87ED006763A5 /* edit_back.png in Resources */,
				236D58D6175A92D9006763A5 /* plus@2x.png in Resources */,
				236D58D7175A92D9006763A5 /* plus.png in Resources */,
				236D58DA175A9305006763A5 /* plus2@2x.png in Resources */,
				236D58DB175A9305006763A5 /* plus2.png in Resources */,
			);
			runOnlyForDeploymentPostprocessing = 0;
		};
/* End PBXResourcesBuildPhase section */

/* Begin PBXSourcesBuildPhase section */
		306FFDA81759ECE10025214A /* Sources */ = {
			isa = PBXSourcesBuildPhase;
			buildActionMask = 2147483647;
			files = (
				306FFDBC1759ECE10025214A /* main.m in Sources */,
				306FFDC01759ECE10025214A /* AppDelegate.m in Sources */,
				306FFDE41759EF510025214A /* AFHTTPClient.m in Sources */,
				306FFDE51759EF510025214A /* AFHTTPRequestOperation.m in Sources */,
				306FFDE61759EF510025214A /* AFImageRequestOperation.m in Sources */,
				306FFDE71759EF510025214A /* AFJSONRequestOperation.m in Sources */,
				306FFDE81759EF510025214A /* AFNetworkActivityIndicatorManager.m in Sources */,
				306FFDE91759EF510025214A /* AFPropertyListRequestOperation.m in Sources */,
				306FFDEA1759EF510025214A /* AFURLConnectionOperation.m in Sources */,
				306FFDEB1759EF510025214A /* AFXMLRequestOperation.m in Sources */,
				306FFDEC1759EF510025214A /* UIImageView+AFNetworking.m in Sources */,
				236D58291759F17D006763A5 /* HTConfig.m in Sources */,
				236D582A1759F17D006763A5 /* HTARCSupport.m in Sources */,
				236D582B1759F17D006763A5 /* HTAsyncOperation.m in Sources */,
				236D582C1759F17D006763A5 /* HTVerticalView.m in Sources */,
				236D582D1759F17D006763A5 /* HTHorizontalView.m in Sources */,
				236D582E1759F17D006763A5 /* HTLinearView.m in Sources */,
				236D582F1759F17D006763A5 /* NSDataAdditions.m in Sources */,
				236D58301759F17D006763A5 /* NSDictionary+URLExtensions.m in Sources */,
				236D58311759F17D006763A5 /* NSMutableArray+StackAndQueue.m in Sources */,
				236D58321759F17D006763A5 /* NSMutableStringExtensions.m in Sources */,
				236D58331759F17D006763A5 /* NSOperationQueue+Global.m in Sources */,
				236D58341759F17D006763A5 /* NSString+NumberAddition.m in Sources */,
				236D58351759F17D006763A5 /* NSString+URLAddition.m in Sources */,
				236D58361759F17D006763A5 /* NSStringExtensions.m in Sources */,
				236D58371759F17D006763A5 /* UIColor+Addtions.m in Sources */,
				236D58381759F17D006763A5 /* UIImage+SizeAddition.m in Sources */,
				236D58391759F17D006763A5 /* UIScrollView+Paging.m in Sources */,
				236D583A1759F17D006763A5 /* UIView+FrameAddition.m in Sources */,
				306FFDF3175A16320025214A /* ITNavigationController.m in Sources */,
				306FFDF6175A17980025214A /* ITFeedViewController.m in Sources */,
				306FFDF9175A28CA0025214A /* ITLoginViewController.m in Sources */,
				306FFDFD175A34240025214A /* ITUtil.m in Sources */,
				236D585C175A32E8006763A5 /* ITModel.m in Sources */,
				236D585F175A3350006763A5 /* ITUser.m in Sources */,
				236D5864175A339B006763A5 /* ITConverter.m in Sources */,
				236D5867175A398C006763A5 /* ITRequest.m in Sources */,
				236D586A175A3C42006763A5 /* ITFile.m in Sources */,
				236D586D175A3D16006763A5 /* ITURLRequest.m in Sources */,
				300F8DEA175A5CD0004E0FDE /* ITPhotoViewController.m in Sources */,
				236D5872175A5D55006763A5 /* ITIssue.m in Sources */,
				236D5876175A5E5C006763A5 /* ITPhoto.m in Sources */,
				236D5879175A61C2006763A5 /* ITComment.m in Sources */,
				236D5886175A7280006763A5 /* UIImage+MeetyBlur.m in Sources */,
				236D5889175A73F8006763A5 /* UIImage+Picker.m in Sources */,
				236D5896175A74AE006763A5 /* UIImage+HTLong.m in Sources */,
				236D5897175A74AE006763A5 /* UIView+FirstResponder.m in Sources */,
				236D5898175A74AE006763A5 /* NSObject+HijackMethod.m in Sources */,
				236D5899175A74AE006763A5 /* UIResponder+FirstresponderNotification.m in Sources */,
				236D589A175A74AE006763A5 /* NSObject+SimpleClassChecking.m in Sources */,
				236D589B175A74AE006763A5 /* UIViewController+Hierarchy.m in Sources */,
				236D589F175A74D1006763A5 /* UIImage+StackBlur.m in Sources */,
				236D58AD175A74EF006763A5 /* UIImage+AutoLevels.m in Sources */,
				236D58AE175A74EF006763A5 /* UIImage+Brightness.m in Sources */,
				236D58AF175A74EF006763A5 /* UIImage+Contrast.m in Sources */,
				236D58B0175A74EF006763A5 /* UIImage+FixRotation.m in Sources */,
				236D58B1175A74EF006763A5 /* UIImage+Gaussian.m in Sources */,
				236D58B2175A74EF006763A5 /* UIImage+Thumbnail.m in Sources */,
				236D58B7175A755B006763A5 /* UIImage+MeetyProcess.m in Sources */,
				236D58B8175A7588006763A5 /* MeetyFunctions.m in Sources */,
				236D58E0175A97B4006763A5 /* MeetyImageCache.m in Sources */,
				236D58E1175A97B4006763A5 /* UIImageView+MeetyImageCache.m in Sources */,
				236D58E4175A9CD7006763A5 /* MBProgressHUD.m in Sources */,
			);
			runOnlyForDeploymentPostprocessing = 0;
		};
/* End PBXSourcesBuildPhase section */

/* Begin PBXTargetDependency section */
		236D584B1759F3CE006763A5 /* PBXTargetDependency */ = {
			isa = PBXTargetDependency;
			name = HTPyFunctions;
			targetProxy = 236D584A1759F3CE006763A5 /* PBXContainerItemProxy */;
		};
		236D584D1759F3D1006763A5 /* PBXTargetDependency */ = {
			isa = PBXTargetDependency;
			name = HTBlock;
			targetProxy = 236D584C1759F3D1006763A5 /* PBXContainerItemProxy */;
		};
		236D58CC175A888E006763A5 /* PBXTargetDependency */ = {
			isa = PBXTargetDependency;
			name = MeetyClipView;
			targetProxy = 236D58CB175A888E006763A5 /* PBXContainerItemProxy */;
		};
/* End PBXTargetDependency section */

/* Begin PBXVariantGroup section */
		306FFDB81759ECE10025214A /* InfoPlist.strings */ = {
			isa = PBXVariantGroup;
			children = (
				306FFDB91759ECE10025214A /* en */,
			);
			name = InfoPlist.strings;
			sourceTree = "<group>";
		};
/* End PBXVariantGroup section */

/* Begin XCBuildConfiguration section */
		306FFDC71759ECE10025214A /* Debug */ = {
			isa = XCBuildConfiguration;
			buildSettings = {
				ALWAYS_SEARCH_USER_PATHS = NO;
				CLANG_CXX_LANGUAGE_STANDARD = "gnu++0x";
				CLANG_CXX_LIBRARY = "libc++";
				CLANG_ENABLE_OBJC_ARC = YES;
				CLANG_WARN_CONSTANT_CONVERSION = YES;
				CLANG_WARN_EMPTY_BODY = YES;
				CLANG_WARN_ENUM_CONVERSION = YES;
				CLANG_WARN_INT_CONVERSION = YES;
				CLANG_WARN__DUPLICATE_METHOD_MATCH = YES;
				"CODE_SIGN_IDENTITY[sdk=iphoneos*]" = "iPhone Developer";
				COPY_PHASE_STRIP = NO;
				GCC_C_LANGUAGE_STANDARD = gnu99;
				GCC_DYNAMIC_NO_PIC = NO;
				GCC_OPTIMIZATION_LEVEL = 0;
				GCC_PREPROCESSOR_DEFINITIONS = (
					"DEBUG=1",
					"$(inherited)",
				);
				GCC_SYMBOLS_PRIVATE_EXTERN = NO;
				GCC_WARN_ABOUT_RETURN_TYPE = YES;
				GCC_WARN_UNINITIALIZED_AUTOS = YES;
				GCC_WARN_UNUSED_VARIABLE = YES;
				IPHONEOS_DEPLOYMENT_TARGET = 6.1;
				ONLY_ACTIVE_ARCH = YES;
				OTHER_LDFLAGS = "-ObjC";
				SDKROOT = iphoneos;
				USER_HEADER_SEARCH_PATHS = "";
			};
			name = Debug;
		};
		306FFDC81759ECE10025214A /* Release */ = {
			isa = XCBuildConfiguration;
			buildSettings = {
				ALWAYS_SEARCH_USER_PATHS = NO;
				CLANG_CXX_LANGUAGE_STANDARD = "gnu++0x";
				CLANG_CXX_LIBRARY = "libc++";
				CLANG_ENABLE_OBJC_ARC = YES;
				CLANG_WARN_CONSTANT_CONVERSION = YES;
				CLANG_WARN_EMPTY_BODY = YES;
				CLANG_WARN_ENUM_CONVERSION = YES;
				CLANG_WARN_INT_CONVERSION = YES;
				CLANG_WARN__DUPLICATE_METHOD_MATCH = YES;
				"CODE_SIGN_IDENTITY[sdk=iphoneos*]" = "iPhone Developer";
				COPY_PHASE_STRIP = YES;
				GCC_C_LANGUAGE_STANDARD = gnu99;
				GCC_WARN_ABOUT_RETURN_TYPE = YES;
				GCC_WARN_UNINITIALIZED_AUTOS = YES;
				GCC_WARN_UNUSED_VARIABLE = YES;
				IPHONEOS_DEPLOYMENT_TARGET = 6.1;
				OTHER_CFLAGS = "-DNS_BLOCK_ASSERTIONS=1";
				OTHER_LDFLAGS = "-ObjC";
				SDKROOT = iphoneos;
				USER_HEADER_SEARCH_PATHS = "";
				VALIDATE_PRODUCT = YES;
			};
			name = Release;
		};
		306FFDCA1759ECE10025214A /* Debug */ = {
			isa = XCBuildConfiguration;
			buildSettings = {
				ALWAYS_SEARCH_USER_PATHS = NO;
				GCC_PRECOMPILE_PREFIX_HEADER = YES;
				GCC_PREFIX_HEADER = "Issue/Issue-Prefix.pch";
				INFOPLIST_FILE = "Issue/Issue-Info.plist";
				OTHER_LDFLAGS = "-ObjC";
				PRODUCT_NAME = "$(TARGET_NAME)";
				USER_HEADER_SEARCH_PATHS = "HTBlock/** HTPyFunctions/** MeetyClipView/**";
				WRAPPER_EXTENSION = app;
			};
			name = Debug;
		};
		306FFDCB1759ECE10025214A /* Release */ = {
			isa = XCBuildConfiguration;
			buildSettings = {
				ALWAYS_SEARCH_USER_PATHS = NO;
				GCC_PRECOMPILE_PREFIX_HEADER = YES;
				GCC_PREFIX_HEADER = "Issue/Issue-Prefix.pch";
				INFOPLIST_FILE = "Issue/Issue-Info.plist";
				OTHER_LDFLAGS = "-ObjC";
				PRODUCT_NAME = "$(TARGET_NAME)";
				USER_HEADER_SEARCH_PATHS = "HTBlock/** HTPyFunctions/** MeetyClipView/**";
				WRAPPER_EXTENSION = app;
			};
			name = Release;
		};
/* End XCBuildConfiguration section */

/* Begin XCConfigurationList section */
		306FFDA71759ECE10025214A /* Build configuration list for PBXProject "Issue" */ = {
			isa = XCConfigurationList;
			buildConfigurations = (
				306FFDC71759ECE10025214A /* Debug */,
				306FFDC81759ECE10025214A /* Release */,
			);
			defaultConfigurationIsVisible = 0;
			defaultConfigurationName = Release;
		};
		306FFDC91759ECE10025214A /* Build configuration list for PBXNativeTarget "Issue" */ = {
			isa = XCConfigurationList;
			buildConfigurations = (
				306FFDCA1759ECE10025214A /* Debug */,
				306FFDCB1759ECE10025214A /* Release */,
			);
			defaultConfigurationIsVisible = 0;
			defaultConfigurationName = Release;
		};
/* End XCConfigurationList section */
	};
	rootObject = 306FFDA41759ECE10025214A /* Project object */;
}
