// !$*UTF8*$!
{
	archiveVersion = 1;
	classes = {
	};
	objectVersion = 46;
	objects = {

/* Begin PBXBuildFile section */
		306FFDB01759ECE10025214A /* UIKit.framework in Frameworks */ = {isa = PBXBuildFile; fileRef = 306FFDAF1759ECE10025214A /* UIKit.framework */; };
		306FFDB21759ECE10025214A /* Foundation.framework in Frameworks */ = {isa = PBXBuildFile; fileRef = 306FFDB11759ECE10025214A /* Foundation.framework */; };
		306FFDB41759ECE10025214A /* CoreGraphics.framework in Frameworks */ = {isa = PBXBuildFile; fileRef = 306FFDB31759ECE10025214A /* CoreGraphics.framework */; };
		306FFDBA1759ECE10025214A /* InfoPlist.strings in Resources */ = {isa = PBXBuildFile; fileRef = 306FFDB81759ECE10025214A /* InfoPlist.strings */; };
		306FFDBC1759ECE10025214A /* main.m in Sources */ = {isa = PBXBuildFile; fileRef = 306FFDBB1759ECE10025214A /* main.m */; };
		306FFDC01759ECE10025214A /* AppDelegate.m in Sources */ = {isa = PBXBuildFile; fileRef = 306FFDBF1759ECE10025214A /* AppDelegate.m */; };
		306FFDC21759ECE10025214A /* Default.png in Resources */ = {isa = PBXBuildFile; fileRef = 306FFDC11759ECE10025214A /* Default.png */; };
		306FFDC41759ECE10025214A /* Default@2x.png in Resources */ = {isa = PBXBuildFile; fileRef = 306FFDC31759ECE10025214A /* Default@2x.png */; };
		306FFDC61759ECE10025214A /* Default-568h@2x.png in Resources */ = {isa = PBXBuildFile; fileRef = 306FFDC51759ECE10025214A /* Default-568h@2x.png */; };
		306FFDE41759EF510025214A /* AFHTTPClient.m in Sources */ = {isa = PBXBuildFile; fileRef = 306FFDD21759EF510025214A /* AFHTTPClient.m */; };
		306FFDE51759EF510025214A /* AFHTTPRequestOperation.m in Sources */ = {isa = PBXBuildFile; fileRef = 306FFDD41759EF510025214A /* AFHTTPRequestOperation.m */; };
		306FFDE61759EF510025214A /* AFImageRequestOperation.m in Sources */ = {isa = PBXBuildFile; fileRef = 306FFDD61759EF510025214A /* AFImageRequestOperation.m */; };
		306FFDE71759EF510025214A /* AFJSONRequestOperation.m in Sources */ = {isa = PBXBuildFile; fileRef = 306FFDD81759EF510025214A /* AFJSONRequestOperation.m */; };
		306FFDE81759EF510025214A /* AFNetworkActivityIndicatorManager.m in Sources */ = {isa = PBXBuildFile; fileRef = 306FFDDA1759EF510025214A /* AFNetworkActivityIndicatorManager.m */; };
		306FFDE91759EF510025214A /* AFPropertyListRequestOperation.m in Sources */ = {isa = PBXBuildFile; fileRef = 306FFDDD1759EF510025214A /* AFPropertyListRequestOperation.m */; };
		306FFDEA1759EF510025214A /* AFURLConnectionOperation.m in Sources */ = {isa = PBXBuildFile; fileRef = 306FFDDF1759EF510025214A /* AFURLConnectionOperation.m */; };
		306FFDEB1759EF510025214A /* AFXMLRequestOperation.m in Sources */ = {isa = PBXBuildFile; fileRef = 306FFDE11759EF510025214A /* AFXMLRequestOperation.m */; };
		306FFDEC1759EF510025214A /* UIImageView+AFNetworking.m in Sources */ = {isa = PBXBuildFile; fileRef = 306FFDE31759EF510025214A /* UIImageView+AFNetworking.m */; };
/* End PBXBuildFile section */

/* Begin PBXFileReference section */
		306FFDAC1759ECE10025214A /* Issue.app */ = {isa = PBXFileReference; explicitFileType = wrapper.application; includeInIndex = 0; path = Issue.app; sourceTree = BUILT_PRODUCTS_DIR; };
		306FFDAF1759ECE10025214A /* UIKit.framework */ = {isa = PBXFileReference; lastKnownFileType = wrapper.framework; name = UIKit.framework; path = System/Library/Frameworks/UIKit.framework; sourceTree = SDKROOT; };
		306FFDB11759ECE10025214A /* Foundation.framework */ = {isa = PBXFileReference; lastKnownFileType = wrapper.framework; name = Foundation.framework; path = System/Library/Frameworks/Foundation.framework; sourceTree = SDKROOT; };
		306FFDB31759ECE10025214A /* CoreGraphics.framework */ = {isa = PBXFileReference; lastKnownFileType = wrapper.framework; name = CoreGraphics.framework; path = System/Library/Frameworks/CoreGraphics.framework; sourceTree = SDKROOT; };
		306FFDB71759ECE10025214A /* Issue-Info.plist */ = {isa = PBXFileReference; lastKnownFileType = text.plist.xml; path = "Issue-Info.plist"; sourceTree = "<group>"; };
		306FFDB91759ECE10025214A /* en */ = {isa = PBXFileReference; lastKnownFileType = text.plist.strings; name = en; path = en.lproj/InfoPlist.strings; sourceTree = "<group>"; };
		306FFDBB1759ECE10025214A /* main.m */ = {isa = PBXFileReference; lastKnownFileType = sourcecode.c.objc; path = main.m; sourceTree = "<group>"; };
		306FFDBD1759ECE10025214A /* Issue-Prefix.pch */ = {isa = PBXFileReference; lastKnownFileType = sourcecode.c.h; path = "Issue-Prefix.pch"; sourceTree = "<group>"; };
		306FFDBE1759ECE10025214A /* AppDelegate.h */ = {isa = PBXFileReference; lastKnownFileType = sourcecode.c.h; path = AppDelegate.h; sourceTree = "<group>"; };
		306FFDBF1759ECE10025214A /* AppDelegate.m */ = {isa = PBXFileReference; lastKnownFileType = sourcecode.c.objc; path = AppDelegate.m; sourceTree = "<group>"; };
		306FFDC11759ECE10025214A /* Default.png */ = {isa = PBXFileReference; lastKnownFileType = image.png; path = Default.png; sourceTree = "<group>"; };
		306FFDC31759ECE10025214A /* Default@2x.png */ = {isa = PBXFileReference; lastKnownFileType = image.png; path = "Default@2x.png"; sourceTree = "<group>"; };
		306FFDC51759ECE10025214A /* Default-568h@2x.png */ = {isa = PBXFileReference; lastKnownFileType = image.png; path = "Default-568h@2x.png"; sourceTree = "<group>"; };
		306FFDD11759EF510025214A /* AFHTTPClient.h */ = {isa = PBXFileReference; fileEncoding = 4; lastKnownFileType = sourcecode.c.h; path = AFHTTPClient.h; sourceTree = "<group>"; };
		306FFDD21759EF510025214A /* AFHTTPClient.m */ = {isa = PBXFileReference; fileEncoding = 4; lastKnownFileType = sourcecode.c.objc; path = AFHTTPClient.m; sourceTree = "<group>"; };
		306FFDD31759EF510025214A /* AFHTTPRequestOperation.h */ = {isa = PBXFileReference; fileEncoding = 4; lastKnownFileType = sourcecode.c.h; path = AFHTTPRequestOperation.h; sourceTree = "<group>"; };
		306FFDD41759EF510025214A /* AFHTTPRequestOperation.m */ = {isa = PBXFileReference; fileEncoding = 4; lastKnownFileType = sourcecode.c.objc; path = AFHTTPRequestOperation.m; sourceTree = "<group>"; };
		306FFDD51759EF510025214A /* AFImageRequestOperation.h */ = {isa = PBXFileReference; fileEncoding = 4; lastKnownFileType = sourcecode.c.h; path = AFImageRequestOperation.h; sourceTree = "<group>"; };
		306FFDD61759EF510025214A /* AFImageRequestOperation.m */ = {isa = PBXFileReference; fileEncoding = 4; lastKnownFileType = sourcecode.c.objc; path = AFImageRequestOperation.m; sourceTree = "<group>"; };
		306FFDD71759EF510025214A /* AFJSONRequestOperation.h */ = {isa = PBXFileReference; fileEncoding = 4; lastKnownFileType = sourcecode.c.h; path = AFJSONRequestOperation.h; sourceTree = "<group>"; };
		306FFDD81759EF510025214A /* AFJSONRequestOperation.m */ = {isa = PBXFileReference; fileEncoding = 4; lastKnownFileType = sourcecode.c.objc; path = AFJSONRequestOperation.m; sourceTree = "<group>"; };
		306FFDD91759EF510025214A /* AFNetworkActivityIndicatorManager.h */ = {isa = PBXFileReference; fileEncoding = 4; lastKnownFileType = sourcecode.c.h; path = AFNetworkActivityIndicatorManager.h; sourceTree = "<group>"; };
		306FFDDA1759EF510025214A /* AFNetworkActivityIndicatorManager.m */ = {isa = PBXFileReference; fileEncoding = 4; lastKnownFileType = sourcecode.c.objc; path = AFNetworkActivityIndicatorManager.m; sourceTree = "<group>"; };
		306FFDDB1759EF510025214A /* AFNetworking.h */ = {isa = PBXFileReference; fileEncoding = 4; lastKnownFileType = sourcecode.c.h; path = AFNetworking.h; sourceTree = "<group>"; };
		306FFDDC1759EF510025214A /* AFPropertyListRequestOperation.h */ = {isa = PBXFileReference; fileEncoding = 4; lastKnownFileType = sourcecode.c.h; path = AFPropertyListRequestOperation.h; sourceTree = "<group>"; };
		306FFDDD1759EF510025214A /* AFPropertyListRequestOperation.m */ = {isa = PBXFileReference; fileEncoding = 4; lastKnownFileType = sourcecode.c.objc; path = AFPropertyListRequestOperation.m; sourceTree = "<group>"; };
		306FFDDE1759EF510025214A /* AFURLConnectionOperation.h */ = {isa = PBXFileReference; fileEncoding = 4; lastKnownFileType = sourcecode.c.h; path = AFURLConnectionOperation.h; sourceTree = "<group>"; };
		306FFDDF1759EF510025214A /* AFURLConnectionOperation.m */ = {isa = PBXFileReference; fileEncoding = 4; lastKnownFileType = sourcecode.c.objc; path = AFURLConnectionOperation.m; sourceTree = "<group>"; };
		306FFDE01759EF510025214A /* AFXMLRequestOperation.h */ = {isa = PBXFileReference; fileEncoding = 4; lastKnownFileType = sourcecode.c.h; path = AFXMLRequestOperation.h; sourceTree = "<group>"; };
		306FFDE11759EF510025214A /* AFXMLRequestOperation.m */ = {isa = PBXFileReference; fileEncoding = 4; lastKnownFileType = sourcecode.c.objc; path = AFXMLRequestOperation.m; sourceTree = "<group>"; };
		306FFDE21759EF510025214A /* UIImageView+AFNetworking.h */ = {isa = PBXFileReference; fileEncoding = 4; lastKnownFileType = sourcecode.c.h; path = "UIImageView+AFNetworking.h"; sourceTree = "<group>"; };
		306FFDE31759EF510025214A /* UIImageView+AFNetworking.m */ = {isa = PBXFileReference; fileEncoding = 4; lastKnownFileType = sourcecode.c.objc; path = "UIImageView+AFNetworking.m"; sourceTree = "<group>"; };
/* End PBXFileReference section */

/* Begin PBXFrameworksBuildPhase section */
		306FFDA91759ECE10025214A /* Frameworks */ = {
			isa = PBXFrameworksBuildPhase;
			buildActionMask = 2147483647;
			files = (
				306FFDB01759ECE10025214A /* UIKit.framework in Frameworks */,
				306FFDB21759ECE10025214A /* Foundation.framework in Frameworks */,
				306FFDB41759ECE10025214A /* CoreGraphics.framework in Frameworks */,
			);
			runOnlyForDeploymentPostprocessing = 0;
		};
/* End PBXFrameworksBuildPhase section */

/* Begin PBXGroup section */
		306FFDA31759ECE10025214A = {
			isa = PBXGroup;
			children = (
				306FFDB51759ECE10025214A /* Issue */,
				306FFDAE1759ECE10025214A /* Frameworks */,
				306FFDAD1759ECE10025214A /* Products */,
			);
			sourceTree = "<group>";
		};
		306FFDAD1759ECE10025214A /* Products */ = {
			isa = PBXGroup;
			children = (
				306FFDAC1759ECE10025214A /* Issue.app */,
			);
			name = Products;
			sourceTree = "<group>";
		};
		306FFDAE1759ECE10025214A /* Frameworks */ = {
			isa = PBXGroup;
			children = (
				306FFDAF1759ECE10025214A /* UIKit.framework */,
				306FFDB11759ECE10025214A /* Foundation.framework */,
				306FFDB31759ECE10025214A /* CoreGraphics.framework */,
			);
			name = Frameworks;
			sourceTree = "<group>";
		};
		306FFDB51759ECE10025214A /* Issue */ = {
			isa = PBXGroup;
			children = (
				306FFDCF1759EEFD0025214A /* Libraries */,
				306FFDBE1759ECE10025214A /* AppDelegate.h */,
				306FFDBF1759ECE10025214A /* AppDelegate.m */,
				306FFDB61759ECE10025214A /* Supporting Files */,
			);
			path = Issue;
			sourceTree = "<group>";
		};
		306FFDB61759ECE10025214A /* Supporting Files */ = {
			isa = PBXGroup;
			children = (
				306FFDB71759ECE10025214A /* Issue-Info.plist */,
				306FFDB81759ECE10025214A /* InfoPlist.strings */,
				306FFDBB1759ECE10025214A /* main.m */,
				306FFDBD1759ECE10025214A /* Issue-Prefix.pch */,
				306FFDC11759ECE10025214A /* Default.png */,
				306FFDC31759ECE10025214A /* Default@2x.png */,
				306FFDC51759ECE10025214A /* Default-568h@2x.png */,
			);
			name = "Supporting Files";
			sourceTree = "<group>";
		};
		306FFDCF1759EEFD0025214A /* Libraries */ = {
			isa = PBXGroup;
			children = (
				306FFDD01759EF510025214A /* AFNetworking */,
			);
			name = Libraries;
			sourceTree = "<group>";
		};
		306FFDD01759EF510025214A /* AFNetworking */ = {
			isa = PBXGroup;
			children = (
				306FFDD11759EF510025214A /* AFHTTPClient.h */,
				306FFDD21759EF510025214A /* AFHTTPClient.m */,
				306FFDD31759EF510025214A /* AFHTTPRequestOperation.h */,
				306FFDD41759EF510025214A /* AFHTTPRequestOperation.m */,
				306FFDD51759EF510025214A /* AFImageRequestOperation.h */,
				306FFDD61759EF510025214A /* AFImageRequestOperation.m */,
				306FFDD71759EF510025214A /* AFJSONRequestOperation.h */,
				306FFDD81759EF510025214A /* AFJSONRequestOperation.m */,
				306FFDD91759EF510025214A /* AFNetworkActivityIndicatorManager.h */,
				306FFDDA1759EF510025214A /* AFNetworkActivityIndicatorManager.m */,
				306FFDDB1759EF510025214A /* AFNetworking.h */,
				306FFDDC1759EF510025214A /* AFPropertyListRequestOperation.h */,
				306FFDDD1759EF510025214A /* AFPropertyListRequestOperation.m */,
				306FFDDE1759EF510025214A /* AFURLConnectionOperation.h */,
				306FFDDF1759EF510025214A /* AFURLConnectionOperation.m */,
				306FFDE01759EF510025214A /* AFXMLRequestOperation.h */,
				306FFDE11759EF510025214A /* AFXMLRequestOperation.m */,
				306FFDE21759EF510025214A /* UIImageView+AFNetworking.h */,
				306FFDE31759EF510025214A /* UIImageView+AFNetworking.m */,
			);
			name = AFNetworking;
			path = AFNetworking/AFNetworking;
			sourceTree = SOURCE_ROOT;
		};
/* End PBXGroup section */

/* Begin PBXNativeTarget section */
		306FFDAB1759ECE10025214A /* Issue */ = {
			isa = PBXNativeTarget;
			buildConfigurationList = 306FFDC91759ECE10025214A /* Build configuration list for PBXNativeTarget "Issue" */;
			buildPhases = (
				306FFDA81759ECE10025214A /* Sources */,
				306FFDA91759ECE10025214A /* Frameworks */,
				306FFDAA1759ECE10025214A /* Resources */,
			);
			buildRules = (
			);
			dependencies = (
			);
			name = Issue;
			productName = Issue;
			productReference = 306FFDAC1759ECE10025214A /* Issue.app */;
			productType = "com.apple.product-type.application";
		};
/* End PBXNativeTarget section */

/* Begin PBXProject section */
		306FFDA41759ECE10025214A /* Project object */ = {
			isa = PBXProject;
			attributes = {
				LastUpgradeCheck = 0460;
				ORGANIZATIONNAME = "임상진";
			};
			buildConfigurationList = 306FFDA71759ECE10025214A /* Build configuration list for PBXProject "Issue" */;
			compatibilityVersion = "Xcode 3.2";
			developmentRegion = English;
			hasScannedForEncodings = 0;
			knownRegions = (
				en,
			);
			mainGroup = 306FFDA31759ECE10025214A;
			productRefGroup = 306FFDAD1759ECE10025214A /* Products */;
			projectDirPath = "";
			projectRoot = "";
			targets = (
				306FFDAB1759ECE10025214A /* Issue */,
			);
		};
/* End PBXProject section */

/* Begin PBXResourcesBuildPhase section */
		306FFDAA1759ECE10025214A /* Resources */ = {
			isa = PBXResourcesBuildPhase;
			buildActionMask = 2147483647;
			files = (
				306FFDBA1759ECE10025214A /* InfoPlist.strings in Resources */,
				306FFDC21759ECE10025214A /* Default.png in Resources */,
				306FFDC41759ECE10025214A /* Default@2x.png in Resources */,
				306FFDC61759ECE10025214A /* Default-568h@2x.png in Resources */,
			);
			runOnlyForDeploymentPostprocessing = 0;
		};
/* End PBXResourcesBuildPhase section */

/* Begin PBXSourcesBuildPhase section */
		306FFDA81759ECE10025214A /* Sources */ = {
			isa = PBXSourcesBuildPhase;
			buildActionMask = 2147483647;
			files = (
				306FFDBC1759ECE10025214A /* main.m in Sources */,
				306FFDC01759ECE10025214A /* AppDelegate.m in Sources */,
				306FFDE41759EF510025214A /* AFHTTPClient.m in Sources */,
				306FFDE51759EF510025214A /* AFHTTPRequestOperation.m in Sources */,
				306FFDE61759EF510025214A /* AFImageRequestOperation.m in Sources */,
				306FFDE71759EF510025214A /* AFJSONRequestOperation.m in Sources */,
				306FFDE81759EF510025214A /* AFNetworkActivityIndicatorManager.m in Sources */,
				306FFDE91759EF510025214A /* AFPropertyListRequestOperation.m in Sources */,
				306FFDEA1759EF510025214A /* AFURLConnectionOperation.m in Sources */,
				306FFDEB1759EF510025214A /* AFXMLRequestOperation.m in Sources */,
				306FFDEC1759EF510025214A /* UIImageView+AFNetworking.m in Sources */,
			);
			runOnlyForDeploymentPostprocessing = 0;
		};
/* End PBXSourcesBuildPhase section */

/* Begin PBXVariantGroup section */
		306FFDB81759ECE10025214A /* InfoPlist.strings */ = {
			isa = PBXVariantGroup;
			children = (
				306FFDB91759ECE10025214A /* en */,
			);
			name = InfoPlist.strings;
			sourceTree = "<group>";
		};
/* End PBXVariantGroup section */

/* Begin XCBuildConfiguration section */
		306FFDC71759ECE10025214A /* Debug */ = {
			isa = XCBuildConfiguration;
			buildSettings = {
				ALWAYS_SEARCH_USER_PATHS = NO;
				CLANG_CXX_LANGUAGE_STANDARD = "gnu++0x";
				CLANG_CXX_LIBRARY = "libc++";
				CLANG_ENABLE_OBJC_ARC = YES;
				CLANG_WARN_CONSTANT_CONVERSION = YES;
				CLANG_WARN_EMPTY_BODY = YES;
				CLANG_WARN_ENUM_CONVERSION = YES;
				CLANG_WARN_INT_CONVERSION = YES;
				CLANG_WARN__DUPLICATE_METHOD_MATCH = YES;
				"CODE_SIGN_IDENTITY[sdk=iphoneos*]" = "iPhone Developer";
				COPY_PHASE_STRIP = NO;
				GCC_C_LANGUAGE_STANDARD = gnu99;
				GCC_DYNAMIC_NO_PIC = NO;
				GCC_OPTIMIZATION_LEVEL = 0;
				GCC_PREPROCESSOR_DEFINITIONS = (
					"DEBUG=1",
					"$(inherited)",
				);
				GCC_SYMBOLS_PRIVATE_EXTERN = NO;
				GCC_WARN_ABOUT_RETURN_TYPE = YES;
				GCC_WARN_UNINITIALIZED_AUTOS = YES;
				GCC_WARN_UNUSED_VARIABLE = YES;
				IPHONEOS_DEPLOYMENT_TARGET = 6.1;
				ONLY_ACTIVE_ARCH = YES;
				SDKROOT = iphoneos;
			};
			name = Debug;
		};
		306FFDC81759ECE10025214A /* Release */ = {
			isa = XCBuildConfiguration;
			buildSettings = {
				ALWAYS_SEARCH_USER_PATHS = NO;
				CLANG_CXX_LANGUAGE_STANDARD = "gnu++0x";
				CLANG_CXX_LIBRARY = "libc++";
				CLANG_ENABLE_OBJC_ARC = YES;
				CLANG_WARN_CONSTANT_CONVERSION = YES;
				CLANG_WARN_EMPTY_BODY = YES;
				CLANG_WARN_ENUM_CONVERSION = YES;
				CLANG_WARN_INT_CONVERSION = YES;
				CLANG_WARN__DUPLICATE_METHOD_MATCH = YES;
				"CODE_SIGN_IDENTITY[sdk=iphoneos*]" = "iPhone Developer";
				COPY_PHASE_STRIP = YES;
				GCC_C_LANGUAGE_STANDARD = gnu99;
				GCC_WARN_ABOUT_RETURN_TYPE = YES;
				GCC_WARN_UNINITIALIZED_AUTOS = YES;
				GCC_WARN_UNUSED_VARIABLE = YES;
				IPHONEOS_DEPLOYMENT_TARGET = 6.1;
				OTHER_CFLAGS = "-DNS_BLOCK_ASSERTIONS=1";
				SDKROOT = iphoneos;
				VALIDATE_PRODUCT = YES;
			};
			name = Release;
		};
		306FFDCA1759ECE10025214A /* Debug */ = {
			isa = XCBuildConfiguration;
			buildSettings = {
				GCC_PRECOMPILE_PREFIX_HEADER = YES;
				GCC_PREFIX_HEADER = "Issue/Issue-Prefix.pch";
				INFOPLIST_FILE = "Issue/Issue-Info.plist";
				PRODUCT_NAME = "$(TARGET_NAME)";
				WRAPPER_EXTENSION = app;
			};
			name = Debug;
		};
		306FFDCB1759ECE10025214A /* Release */ = {
			isa = XCBuildConfiguration;
			buildSettings = {
				GCC_PRECOMPILE_PREFIX_HEADER = YES;
				GCC_PREFIX_HEADER = "Issue/Issue-Prefix.pch";
				INFOPLIST_FILE = "Issue/Issue-Info.plist";
				PRODUCT_NAME = "$(TARGET_NAME)";
				WRAPPER_EXTENSION = app;
			};
			name = Release;
		};
/* End XCBuildConfiguration section */

/* Begin XCConfigurationList section */
		306FFDA71759ECE10025214A /* Build configuration list for PBXProject "Issue" */ = {
			isa = XCConfigurationList;
			buildConfigurations = (
				306FFDC71759ECE10025214A /* Debug */,
				306FFDC81759ECE10025214A /* Release */,
			);
			defaultConfigurationIsVisible = 0;
			defaultConfigurationName = Release;
		};
		306FFDC91759ECE10025214A /* Build configuration list for PBXNativeTarget "Issue" */ = {
			isa = XCConfigurationList;
			buildConfigurations = (
				306FFDCA1759ECE10025214A /* Debug */,
				306FFDCB1759ECE10025214A /* Release */,
			);
			defaultConfigurationIsVisible = 0;
		};
/* End XCConfigurationList section */
	};
	rootObject = 306FFDA41759ECE10025214A /* Project object */;
}
